// !$*UTF8*$!
{
	archiveVersion = 1;
	classes = {
	};
	objectVersion = 56;
	objects = {

/* Begin PBXBuildFile section */
		5B11DE0829EB6641007A993C /* main.swift in Sources */ = {isa = PBXBuildFile; fileRef = 5B11DE0729EB6641007A993C /* main.swift */; };
		5B22A36D2A4385DC00252930 /* license.pdf in Resources */ = {isa = PBXBuildFile; fileRef = 5B22A36C2A4385DC00252930 /* license.pdf */; };
		5B2836D92A05A6F000A42566 /* MainMenu.xib in Resources */ = {isa = PBXBuildFile; fileRef = 5B2836D82A05A6F000A42566 /* MainMenu.xib */; };
		5B40B1302A01BBAA00A79785 /* Server in Frameworks */ = {isa = PBXBuildFile; productRef = 5B40B12F2A01BBAA00A79785 /* Server */; };
		5B40B1322A01BBB800A79785 /* App in Frameworks */ = {isa = PBXBuildFile; productRef = 5B40B1312A01BBB800A79785 /* App */; };
		5B69E6E629EB69350010AD63 /* BatFiHelper in Embed Helper Tool */ = {isa = PBXBuildFile; fileRef = 5B11DE0529EB6641007A993C /* BatFiHelper */; settings = {ATTRIBUTES = (CodeSignOnCopy, ); }; };
		5B69E6EC29ECA18E0010AD63 /* software.micropixels.BatFi.Helper.plist in Copy Helper Property List */ = {isa = PBXBuildFile; fileRef = 5B69E6EB29ECA1750010AD63 /* software.micropixels.BatFi.Helper.plist */; };
		5BD6D3D02A4CDB3300575C43 /* Localizable.strings in Resources */ = {isa = PBXBuildFile; fileRef = 5BD6D3D22A4CDB3300575C43 /* Localizable.strings */; };
		5BEE218B29E607FB0012A4DD /* BatFiApp.swift in Sources */ = {isa = PBXBuildFile; fileRef = 5BEE218A29E607FB0012A4DD /* BatFiApp.swift */; };
		5BEE218F29E607FC0012A4DD /* Assets.xcassets in Resources */ = {isa = PBXBuildFile; fileRef = 5BEE218E29E607FC0012A4DD /* Assets.xcassets */; };
/* End PBXBuildFile section */

/* Begin PBXCopyFilesBuildPhase section */
		5B11DE0329EB6641007A993C /* CopyFiles */ = {
			isa = PBXCopyFilesBuildPhase;
			buildActionMask = 2147483647;
			dstPath = /usr/share/man/man1/;
			dstSubfolderSpec = 0;
			files = (
			);
			runOnlyForDeploymentPostprocessing = 1;
		};
		5B3C14AF29EA000800746A53 /* Embed Frameworks */ = {
			isa = PBXCopyFilesBuildPhase;
			buildActionMask = 2147483647;
			dstPath = "";
			dstSubfolderSpec = 10;
			files = (
			);
			name = "Embed Frameworks";
			runOnlyForDeploymentPostprocessing = 0;
		};
		5BB80D4029E9A28900186827 /* Embed Helper Tool */ = {
			isa = PBXCopyFilesBuildPhase;
			buildActionMask = 2147483647;
			dstPath = "";
			dstSubfolderSpec = 6;
			files = (
				5B69E6E629EB69350010AD63 /* BatFiHelper in Embed Helper Tool */,
			);
			name = "Embed Helper Tool";
			runOnlyForDeploymentPostprocessing = 0;
		};
		5BB80D4429E9A3A400186827 /* Copy Helper Property List */ = {
			isa = PBXCopyFilesBuildPhase;
			buildActionMask = 2147483647;
			dstPath = Contents/Library/LaunchDaemons;
			dstSubfolderSpec = 1;
			files = (
				5B69E6EC29ECA18E0010AD63 /* software.micropixels.BatFi.Helper.plist in Copy Helper Property List */,
			);
			name = "Copy Helper Property List";
			runOnlyForDeploymentPostprocessing = 0;
		};
/* End PBXCopyFilesBuildPhase section */

/* Begin PBXFileReference section */
		5B11DDF829EB5A13007A993C /* PropertyListModifier.swift */ = {isa = PBXFileReference; lastKnownFileType = sourcecode.swift; path = PropertyListModifier.swift; sourceTree = "<group>"; };
		5B11DE0529EB6641007A993C /* BatFiHelper */ = {isa = PBXFileReference; explicitFileType = "compiled.mach-o.executable"; includeInIndex = 0; path = BatFiHelper; sourceTree = BUILT_PRODUCTS_DIR; };
		5B11DE0729EB6641007A993C /* main.swift */ = {isa = PBXFileReference; lastKnownFileType = sourcecode.swift; path = main.swift; sourceTree = "<group>"; };
		5B11DE0C29EB6667007A993C /* HelperConfig.xcconfig */ = {isa = PBXFileReference; lastKnownFileType = text.xcconfig; path = HelperConfig.xcconfig; sourceTree = "<group>"; };
		5B1E2DC32AB4A84B00A6517D /* de */ = {isa = PBXFileReference; lastKnownFileType = text.plist.strings; name = de; path = de.lproj/Localizable.strings; sourceTree = "<group>"; };
		5B22A36C2A4385DC00252930 /* license.pdf */ = {isa = PBXFileReference; lastKnownFileType = image.pdf; path = license.pdf; sourceTree = "<group>"; };
		5B2836D82A05A6F000A42566 /* MainMenu.xib */ = {isa = PBXFileReference; fileEncoding = 4; lastKnownFileType = file.xib; path = MainMenu.xib; sourceTree = "<group>"; };
		5B31C86A2A549C1F00D0EB3A /* pl */ = {isa = PBXFileReference; lastKnownFileType = text.plist.strings; name = pl; path = pl.lproj/Localizable.strings; sourceTree = "<group>"; };
		5B36944D2A5F5612001311F0 /* ja */ = {isa = PBXFileReference; lastKnownFileType = text.plist.strings; name = ja; path = ja.lproj/Localizable.strings; sourceTree = "<group>"; };
		5B3C14C929EB431600746A53 /* AppConfig.xcconfig */ = {isa = PBXFileReference; lastKnownFileType = text.xcconfig; path = AppConfig.xcconfig; sourceTree = "<group>"; };
		5B68B9DF29FC0F11008AF5FD /* BatFiKit */ = {isa = PBXFileReference; lastKnownFileType = wrapper; path = BatFiKit; sourceTree = "<group>"; };
		5B69E6E429EB67F70010AD63 /* Info.plist */ = {isa = PBXFileReference; lastKnownFileType = text.plist.xml; path = Info.plist; sourceTree = "<group>"; };
		5B69E6E729EB6AB00010AD63 /* Info.plist */ = {isa = PBXFileReference; lastKnownFileType = text.plist.xml; path = Info.plist; sourceTree = "<group>"; };
		5B69E6EB29ECA1750010AD63 /* software.micropixels.BatFi.Helper.plist */ = {isa = PBXFileReference; lastKnownFileType = text.plist.xml; path = software.micropixels.BatFi.Helper.plist; sourceTree = "<group>"; };
		5B6FC13629FC038500D98863 /* README */ = {isa = PBXFileReference; lastKnownFileType = text; path = README; sourceTree = "<group>"; };
		5BB80D4829E9EF6600186827 /* Config.xcconfig */ = {isa = PBXFileReference; lastKnownFileType = text.xcconfig; path = Config.xcconfig; sourceTree = "<group>"; };
		5BC234F929F09C0000EE2F09 /* IOKit.framework */ = {isa = PBXFileReference; lastKnownFileType = wrapper.framework; name = IOKit.framework; path = System/Library/Frameworks/IOKit.framework; sourceTree = SDKROOT; };
		5BD6D3D12A4CDB3300575C43 /* en */ = {isa = PBXFileReference; lastKnownFileType = text.plist.strings; name = en; path = en.lproj/Localizable.strings; sourceTree = "<group>"; };
		5BEE218729E607FB0012A4DD /* BatFi.app */ = {isa = PBXFileReference; explicitFileType = wrapper.application; includeInIndex = 0; path = BatFi.app; sourceTree = BUILT_PRODUCTS_DIR; };
		5BEE218A29E607FB0012A4DD /* BatFiApp.swift */ = {isa = PBXFileReference; lastKnownFileType = sourcecode.swift; path = BatFiApp.swift; sourceTree = "<group>"; };
		5BEE218E29E607FC0012A4DD /* Assets.xcassets */ = {isa = PBXFileReference; lastKnownFileType = folder.assetcatalog; path = Assets.xcassets; sourceTree = "<group>"; };
		5BEE21B629E612C00012A4DD /* ServiceManagement.framework */ = {isa = PBXFileReference; lastKnownFileType = wrapper.framework; name = ServiceManagement.framework; path = System/Library/Frameworks/ServiceManagement.framework; sourceTree = SDKROOT; };
/* End PBXFileReference section */

/* Begin PBXFrameworksBuildPhase section */
		5B11DE0229EB6641007A993C /* Frameworks */ = {
			isa = PBXFrameworksBuildPhase;
			buildActionMask = 2147483647;
			files = (
				5B40B1302A01BBAA00A79785 /* Server in Frameworks */,
			);
			runOnlyForDeploymentPostprocessing = 0;
		};
		5BEE218429E607FB0012A4DD /* Frameworks */ = {
			isa = PBXFrameworksBuildPhase;
			buildActionMask = 2147483647;
			files = (
				5B40B1322A01BBB800A79785 /* App in Frameworks */,
			);
			runOnlyForDeploymentPostprocessing = 0;
		};
/* End PBXFrameworksBuildPhase section */

/* Begin PBXGroup section */
		5B11DE0629EB6641007A993C /* Helper */ = {
			isa = PBXGroup;
			children = (
				5B69E6E429EB67F70010AD63 /* Info.plist */,
				5B11DE0C29EB6667007A993C /* HelperConfig.xcconfig */,
				5B11DE0729EB6641007A993C /* main.swift */,
			);
			path = Helper;
			sourceTree = "<group>";
		};
		5BB80D4729E9EF6600186827 /* Supporting Files */ = {
			isa = PBXGroup;
			children = (
				5BB80D4829E9EF6600186827 /* Config.xcconfig */,
				5B11DDF829EB5A13007A993C /* PropertyListModifier.swift */,
			);
			path = "Supporting Files";
			sourceTree = "<group>";
		};
		5BEE217E29E607FB0012A4DD = {
			isa = PBXGroup;
			children = (
				5B6FC13629FC038500D98863 /* README */,
				5B68B9DF29FC0F11008AF5FD /* BatFiKit */,
				5BEE218929E607FB0012A4DD /* App */,
				5B11DE0629EB6641007A993C /* Helper */,
				5BB80D4729E9EF6600186827 /* Supporting Files */,
				5BEE218829E607FB0012A4DD /* Products */,
				5BEE21B529E612C00012A4DD /* Frameworks */,
			);
			sourceTree = "<group>";
		};
		5BEE218829E607FB0012A4DD /* Products */ = {
			isa = PBXGroup;
			children = (
				5BEE218729E607FB0012A4DD /* BatFi.app */,
				5B11DE0529EB6641007A993C /* BatFiHelper */,
			);
			name = Products;
			sourceTree = "<group>";
		};
		5BEE218929E607FB0012A4DD /* App */ = {
			isa = PBXGroup;
			children = (
				5B22A36C2A4385DC00252930 /* license.pdf */,
				5BEE218A29E607FB0012A4DD /* BatFiApp.swift */,
				5B2836D82A05A6F000A42566 /* MainMenu.xib */,
				5BEE218E29E607FC0012A4DD /* Assets.xcassets */,
				5B3C14C929EB431600746A53 /* AppConfig.xcconfig */,
				5B69E6E729EB6AB00010AD63 /* Info.plist */,
				5B69E6EB29ECA1750010AD63 /* software.micropixels.BatFi.Helper.plist */,
				5BD6D3D22A4CDB3300575C43 /* Localizable.strings */,
			);
			path = App;
			sourceTree = "<group>";
		};
		5BEE21B529E612C00012A4DD /* Frameworks */ = {
			isa = PBXGroup;
			children = (
				5BC234F929F09C0000EE2F09 /* IOKit.framework */,
				5BEE21B629E612C00012A4DD /* ServiceManagement.framework */,
			);
			name = Frameworks;
			sourceTree = "<group>";
		};
/* End PBXGroup section */

/* Begin PBXNativeTarget section */
		5B11DE0429EB6641007A993C /* Helper */ = {
			isa = PBXNativeTarget;
			buildConfigurationList = 5B11DE0929EB6641007A993C /* Build configuration list for PBXNativeTarget "Helper" */;
			buildPhases = (
				5B11DE0D29EB6700007A993C /* ShellScript */,
				5B11DE0129EB6641007A993C /* Sources */,
				5B11DE0229EB6641007A993C /* Frameworks */,
				5B11DE0329EB6641007A993C /* CopyFiles */,
			);
			buildRules = (
			);
			dependencies = (
			);
			name = Helper;
			packageProductDependencies = (
				5B40B12F2A01BBAA00A79785 /* Server */,
			);
			productName = Helper;
			productReference = 5B11DE0529EB6641007A993C /* BatFiHelper */;
			productType = "com.apple.product-type.tool";
		};
		5BEE218629E607FB0012A4DD /* BatFi */ = {
			isa = PBXNativeTarget;
			buildConfigurationList = 5BEE21AC29E607FC0012A4DD /* Build configuration list for PBXNativeTarget "BatFi" */;
			buildPhases = (
				5B11DDFF29EB62F1007A993C /* PropertyListModifier */,
				5BEE218329E607FB0012A4DD /* Sources */,
				5BEE218429E607FB0012A4DD /* Frameworks */,
				5BEE218529E607FB0012A4DD /* Resources */,
				5BB80D4029E9A28900186827 /* Embed Helper Tool */,
				5BB80D4429E9A3A400186827 /* Copy Helper Property List */,
				5B3C14AF29EA000800746A53 /* Embed Frameworks */,
			);
			buildRules = (
			);
			dependencies = (
			);
			name = BatFi;
			packageProductDependencies = (
				5B40B1312A01BBB800A79785 /* App */,
			);
			productName = BatFi;
			productReference = 5BEE218729E607FB0012A4DD /* BatFi.app */;
			productType = "com.apple.product-type.application";
		};
/* End PBXNativeTarget section */

/* Begin PBXProject section */
		5BEE217F29E607FB0012A4DD /* Project object */ = {
			isa = PBXProject;
			attributes = {
				BuildIndependentTargetsInParallel = 1;
				LastSwiftUpdateCheck = 1430;
				LastUpgradeCheck = 1430;
				TargetAttributes = {
					5B11DE0429EB6641007A993C = {
						CreatedOnToolsVersion = 14.3;
					};
					5BEE218629E607FB0012A4DD = {
						CreatedOnToolsVersion = 14.3;
					};
				};
			};
			buildConfigurationList = 5BEE218229E607FB0012A4DD /* Build configuration list for PBXProject "BatFi" */;
			compatibilityVersion = "Xcode 14.0";
			developmentRegion = en;
			hasScannedForEncodings = 0;
			knownRegions = (
				en,
				pl,
				ja,
				de,
			);
			mainGroup = 5BEE217E29E607FB0012A4DD;
			packageReferences = (
			);
			productRefGroup = 5BEE218829E607FB0012A4DD /* Products */;
			projectDirPath = "";
			projectRoot = "";
			targets = (
				5BEE218629E607FB0012A4DD /* BatFi */,
				5B11DE0429EB6641007A993C /* Helper */,
			);
		};
/* End PBXProject section */

/* Begin PBXResourcesBuildPhase section */
		5BEE218529E607FB0012A4DD /* Resources */ = {
			isa = PBXResourcesBuildPhase;
			buildActionMask = 2147483647;
			files = (
				5B22A36D2A4385DC00252930 /* license.pdf in Resources */,
				5BD6D3D02A4CDB3300575C43 /* Localizable.strings in Resources */,
				5BEE218F29E607FC0012A4DD /* Assets.xcassets in Resources */,
				5B2836D92A05A6F000A42566 /* MainMenu.xib in Resources */,
			);
			runOnlyForDeploymentPostprocessing = 0;
		};
/* End PBXResourcesBuildPhase section */

/* Begin PBXShellScriptBuildPhase section */
		5B11DDFF29EB62F1007A993C /* PropertyListModifier */ = {
			isa = PBXShellScriptBuildPhase;
			alwaysOutOfDate = 1;
			buildActionMask = 2147483647;
			files = (
			);
			inputFileListPaths = (
			);
			inputPaths = (
			);
			name = PropertyListModifier;
			outputFileListPaths = (
			);
			outputPaths = (
			);
			runOnlyForDeploymentPostprocessing = 0;
			shellPath = /bin/sh;
			shellScript = "\"${SRCROOT}\"/Supporting\\ Files/PropertyListModifier.swift satisfy-job-bless-requirements specify-mach-services\n";
		};
		5B11DE0D29EB6700007A993C /* ShellScript */ = {
			isa = PBXShellScriptBuildPhase;
			alwaysOutOfDate = 1;
			buildActionMask = 2147483647;
			files = (
			);
			inputFileListPaths = (
			);
			inputPaths = (
			);
			outputFileListPaths = (
			);
			outputPaths = (
			);
			runOnlyForDeploymentPostprocessing = 0;
			shellPath = /bin/sh;
			shellScript = "\"${SRCROOT}\"/Supporting\\ Files/PropertyListModifier.swift satisfy-job-bless-requirements\n";
		};
/* End PBXShellScriptBuildPhase section */

/* Begin PBXSourcesBuildPhase section */
		5B11DE0129EB6641007A993C /* Sources */ = {
			isa = PBXSourcesBuildPhase;
			buildActionMask = 2147483647;
			files = (
				5B11DE0829EB6641007A993C /* main.swift in Sources */,
			);
			runOnlyForDeploymentPostprocessing = 0;
		};
		5BEE218329E607FB0012A4DD /* Sources */ = {
			isa = PBXSourcesBuildPhase;
			buildActionMask = 2147483647;
			files = (
				5BEE218B29E607FB0012A4DD /* BatFiApp.swift in Sources */,
			);
			runOnlyForDeploymentPostprocessing = 0;
		};
/* End PBXSourcesBuildPhase section */

/* Begin PBXVariantGroup section */
		5BD6D3D22A4CDB3300575C43 /* Localizable.strings */ = {
			isa = PBXVariantGroup;
			children = (
				5BD6D3D12A4CDB3300575C43 /* en */,
				5B31C86A2A549C1F00D0EB3A /* pl */,
				5B36944D2A5F5612001311F0 /* ja */,
				5B1E2DC32AB4A84B00A6517D /* de */,
			);
			name = Localizable.strings;
			sourceTree = "<group>";
		};
/* End PBXVariantGroup section */

/* Begin XCBuildConfiguration section */
		5B11DE0A29EB6641007A993C /* Debug */ = {
			isa = XCBuildConfiguration;
			baseConfigurationReference = 5B11DE0C29EB6667007A993C /* HelperConfig.xcconfig */;
			buildSettings = {
				CODE_SIGN_IDENTITY = "Apple Development";
				CODE_SIGN_STYLE = Automatic;
				DEVELOPMENT_TEAM = YL78V8PY6H;
				ENABLE_HARDENED_RUNTIME = YES;
				PRODUCT_NAME = "$(TARGET_NAME)";
				PROVISIONING_PROFILE_SPECIFIER = "";
				SWIFT_VERSION = 5.0;
			};
			name = Debug;
		};
		5B11DE0B29EB6641007A993C /* Release */ = {
			isa = XCBuildConfiguration;
			baseConfigurationReference = 5B11DE0C29EB6667007A993C /* HelperConfig.xcconfig */;
			buildSettings = {
				CODE_SIGN_IDENTITY = "Apple Development";
				CODE_SIGN_STYLE = Automatic;
				DEVELOPMENT_TEAM = YL78V8PY6H;
				ENABLE_HARDENED_RUNTIME = YES;
				PRODUCT_NAME = "$(TARGET_NAME)";
				PROVISIONING_PROFILE_SPECIFIER = "";
				SWIFT_VERSION = 5.0;
			};
			name = Release;
		};
		5BEE21AA29E607FC0012A4DD /* Debug */ = {
			isa = XCBuildConfiguration;
			baseConfigurationReference = 5BB80D4829E9EF6600186827 /* Config.xcconfig */;
			buildSettings = {
				ALWAYS_SEARCH_USER_PATHS = NO;
				CLANG_ANALYZER_LOCALIZABILITY_NONLOCALIZED = YES;
				CLANG_ANALYZER_NONNULL = YES;
				CLANG_ANALYZER_NUMBER_OBJECT_CONVERSION = YES_AGGRESSIVE;
				CLANG_CXX_LANGUAGE_STANDARD = "gnu++20";
				CLANG_ENABLE_MODULES = YES;
				CLANG_ENABLE_OBJC_ARC = YES;
				CLANG_ENABLE_OBJC_WEAK = YES;
				CLANG_WARN_BLOCK_CAPTURE_AUTORELEASING = YES;
				CLANG_WARN_BOOL_CONVERSION = YES;
				CLANG_WARN_COMMA = YES;
				CLANG_WARN_CONSTANT_CONVERSION = YES;
				CLANG_WARN_DEPRECATED_OBJC_IMPLEMENTATIONS = YES;
				CLANG_WARN_DIRECT_OBJC_ISA_USAGE = YES_ERROR;
				CLANG_WARN_DOCUMENTATION_COMMENTS = YES;
				CLANG_WARN_EMPTY_BODY = YES;
				CLANG_WARN_ENUM_CONVERSION = YES;
				CLANG_WARN_INFINITE_RECURSION = YES;
				CLANG_WARN_INT_CONVERSION = YES;
				CLANG_WARN_NON_LITERAL_NULL_CONVERSION = YES;
				CLANG_WARN_OBJC_IMPLICIT_RETAIN_SELF = YES;
				CLANG_WARN_OBJC_LITERAL_CONVERSION = YES;
				CLANG_WARN_OBJC_ROOT_CLASS = YES_ERROR;
				CLANG_WARN_QUOTED_INCLUDE_IN_FRAMEWORK_HEADER = YES;
				CLANG_WARN_RANGE_LOOP_ANALYSIS = YES;
				CLANG_WARN_STRICT_PROTOTYPES = YES;
				CLANG_WARN_SUSPICIOUS_MOVE = YES;
				CLANG_WARN_UNGUARDED_AVAILABILITY = YES_AGGRESSIVE;
				CLANG_WARN_UNREACHABLE_CODE = YES;
				CLANG_WARN__DUPLICATE_METHOD_MATCH = YES;
				COPY_PHASE_STRIP = NO;
				DEBUG_INFORMATION_FORMAT = dwarf;
				ENABLE_STRICT_OBJC_MSGSEND = YES;
				ENABLE_TESTABILITY = YES;
				GCC_C_LANGUAGE_STANDARD = gnu11;
				GCC_DYNAMIC_NO_PIC = NO;
				GCC_NO_COMMON_BLOCKS = YES;
				GCC_OPTIMIZATION_LEVEL = 0;
				GCC_PREPROCESSOR_DEFINITIONS = (
					"DEBUG=1",
					"$(inherited)",
				);
				GCC_WARN_64_TO_32_BIT_CONVERSION = YES;
				GCC_WARN_ABOUT_RETURN_TYPE = YES_ERROR;
				GCC_WARN_UNDECLARED_SELECTOR = YES;
				GCC_WARN_UNINITIALIZED_AUTOS = YES_AGGRESSIVE;
				GCC_WARN_UNUSED_FUNCTION = YES;
				GCC_WARN_UNUSED_VARIABLE = YES;
				MACOSX_DEPLOYMENT_TARGET = 13.3;
				MTL_ENABLE_DEBUG_INFO = INCLUDE_SOURCE;
				MTL_FAST_MATH = YES;
				ONLY_ACTIVE_ARCH = YES;
				SDKROOT = macosx;
				SWIFT_ACTIVE_COMPILATION_CONDITIONS = DEBUG;
				SWIFT_OPTIMIZATION_LEVEL = "-Onone";
			};
			name = Debug;
		};
		5BEE21AB29E607FC0012A4DD /* Release */ = {
			isa = XCBuildConfiguration;
			baseConfigurationReference = 5BB80D4829E9EF6600186827 /* Config.xcconfig */;
			buildSettings = {
				ALWAYS_SEARCH_USER_PATHS = NO;
				CLANG_ANALYZER_LOCALIZABILITY_NONLOCALIZED = YES;
				CLANG_ANALYZER_NONNULL = YES;
				CLANG_ANALYZER_NUMBER_OBJECT_CONVERSION = YES_AGGRESSIVE;
				CLANG_CXX_LANGUAGE_STANDARD = "gnu++20";
				CLANG_ENABLE_MODULES = YES;
				CLANG_ENABLE_OBJC_ARC = YES;
				CLANG_ENABLE_OBJC_WEAK = YES;
				CLANG_WARN_BLOCK_CAPTURE_AUTORELEASING = YES;
				CLANG_WARN_BOOL_CONVERSION = YES;
				CLANG_WARN_COMMA = YES;
				CLANG_WARN_CONSTANT_CONVERSION = YES;
				CLANG_WARN_DEPRECATED_OBJC_IMPLEMENTATIONS = YES;
				CLANG_WARN_DIRECT_OBJC_ISA_USAGE = YES_ERROR;
				CLANG_WARN_DOCUMENTATION_COMMENTS = YES;
				CLANG_WARN_EMPTY_BODY = YES;
				CLANG_WARN_ENUM_CONVERSION = YES;
				CLANG_WARN_INFINITE_RECURSION = YES;
				CLANG_WARN_INT_CONVERSION = YES;
				CLANG_WARN_NON_LITERAL_NULL_CONVERSION = YES;
				CLANG_WARN_OBJC_IMPLICIT_RETAIN_SELF = YES;
				CLANG_WARN_OBJC_LITERAL_CONVERSION = YES;
				CLANG_WARN_OBJC_ROOT_CLASS = YES_ERROR;
				CLANG_WARN_QUOTED_INCLUDE_IN_FRAMEWORK_HEADER = YES;
				CLANG_WARN_RANGE_LOOP_ANALYSIS = YES;
				CLANG_WARN_STRICT_PROTOTYPES = YES;
				CLANG_WARN_SUSPICIOUS_MOVE = YES;
				CLANG_WARN_UNGUARDED_AVAILABILITY = YES_AGGRESSIVE;
				CLANG_WARN_UNREACHABLE_CODE = YES;
				CLANG_WARN__DUPLICATE_METHOD_MATCH = YES;
				COPY_PHASE_STRIP = NO;
				DEBUG_INFORMATION_FORMAT = "dwarf-with-dsym";
				ENABLE_NS_ASSERTIONS = NO;
				ENABLE_STRICT_OBJC_MSGSEND = YES;
				GCC_C_LANGUAGE_STANDARD = gnu11;
				GCC_NO_COMMON_BLOCKS = YES;
				GCC_WARN_64_TO_32_BIT_CONVERSION = YES;
				GCC_WARN_ABOUT_RETURN_TYPE = YES_ERROR;
				GCC_WARN_UNDECLARED_SELECTOR = YES;
				GCC_WARN_UNINITIALIZED_AUTOS = YES_AGGRESSIVE;
				GCC_WARN_UNUSED_FUNCTION = YES;
				GCC_WARN_UNUSED_VARIABLE = YES;
				MACOSX_DEPLOYMENT_TARGET = 13.3;
				MTL_ENABLE_DEBUG_INFO = NO;
				MTL_FAST_MATH = YES;
				SDKROOT = macosx;
				SWIFT_COMPILATION_MODE = wholemodule;
				SWIFT_OPTIMIZATION_LEVEL = "-O";
			};
			name = Release;
		};
		5BEE21AD29E607FC0012A4DD /* Debug */ = {
			isa = XCBuildConfiguration;
			baseConfigurationReference = 5B3C14C929EB431600746A53 /* AppConfig.xcconfig */;
			buildSettings = {
				ARCHS = arm64;
				ASSETCATALOG_COMPILER_APPICON_NAME = AppIcon;
				ASSETCATALOG_COMPILER_GLOBAL_ACCENT_COLOR_NAME = AccentColor;
				CODE_SIGN_STYLE = Automatic;
				COMBINE_HIDPI_IMAGES = YES;
				CURRENT_PROJECT_VERSION = 14;
				DEVELOPMENT_TEAM = YL78V8PY6H;
				ENABLE_HARDENED_RUNTIME = YES;
				ENABLE_PREVIEWS = YES;
				GENERATE_INFOPLIST_FILE = YES;
				INFOPLIST_KEY_LSApplicationCategoryType = "public.app-category.utilities";
				INFOPLIST_KEY_LSUIElement = YES;
				INFOPLIST_KEY_NSHumanReadableCopyright = "";
				INFOPLIST_KEY_UILaunchStoryboardName = MainMenu.xib;
				LD_RUNPATH_SEARCH_PATHS = (
					"$(inherited)",
					"@executable_path/../Frameworks",
				);
				MACOSX_DEPLOYMENT_TARGET = 13.0;
				MARKETING_VERSION = $APP_VERSION;
				PRODUCT_BUNDLE_IDENTIFIER = "$(APP_BUNDLE_IDENTIFIER)";
				PRODUCT_NAME = "$(TARGET_NAME)";
				SWIFT_EMIT_LOC_STRINGS = YES;
				SWIFT_VERSION = 5.0;
			};
			name = Debug;
		};
		5BEE21AE29E607FC0012A4DD /* Release */ = {
			isa = XCBuildConfiguration;
			baseConfigurationReference = 5B3C14C929EB431600746A53 /* AppConfig.xcconfig */;
			buildSettings = {
				ARCHS = arm64;
				ASSETCATALOG_COMPILER_APPICON_NAME = AppIcon;
				ASSETCATALOG_COMPILER_GLOBAL_ACCENT_COLOR_NAME = AccentColor;
				CODE_SIGN_STYLE = Automatic;
				COMBINE_HIDPI_IMAGES = YES;
				CURRENT_PROJECT_VERSION = 14;
				DEVELOPMENT_TEAM = YL78V8PY6H;
				ENABLE_HARDENED_RUNTIME = YES;
				ENABLE_PREVIEWS = YES;
				GENERATE_INFOPLIST_FILE = YES;
				INFOPLIST_KEY_LSApplicationCategoryType = "public.app-category.utilities";
				INFOPLIST_KEY_LSUIElement = YES;
				INFOPLIST_KEY_NSHumanReadableCopyright = "";
				INFOPLIST_KEY_UILaunchStoryboardName = MainMenu.xib;
				LD_RUNPATH_SEARCH_PATHS = (
					"$(inherited)",
					"@executable_path/../Frameworks",
				);
				MACOSX_DEPLOYMENT_TARGET = 13.0;
				MARKETING_VERSION = $APP_VERSION;
				PRODUCT_BUNDLE_IDENTIFIER = "$(APP_BUNDLE_IDENTIFIER)";
				PRODUCT_NAME = "$(TARGET_NAME)";
				SWIFT_EMIT_LOC_STRINGS = YES;
				SWIFT_VERSION = 5.0;
			};
			name = Release;
		};
/* End XCBuildConfiguration section */

/* Begin XCConfigurationList section */
		5B11DE0929EB6641007A993C /* Build configuration list for PBXNativeTarget "Helper" */ = {
			isa = XCConfigurationList;
			buildConfigurations = (
				5B11DE0A29EB6641007A993C /* Debug */,
				5B11DE0B29EB6641007A993C /* Release */,
			);
			defaultConfigurationIsVisible = 0;
			defaultConfigurationName = Release;
		};
		5BEE218229E607FB0012A4DD /* Build configuration list for PBXProject "BatFi" */ = {
			isa = XCConfigurationList;
			buildConfigurations = (
				5BEE21AA29E607FC0012A4DD /* Debug */,
				5BEE21AB29E607FC0012A4DD /* Release */,
			);
			defaultConfigurationIsVisible = 0;
			defaultConfigurationName = Release;
		};
		5BEE21AC29E607FC0012A4DD /* Build configuration list for PBXNativeTarget "BatFi" */ = {
			isa = XCConfigurationList;
			buildConfigurations = (
				5BEE21AD29E607FC0012A4DD /* Debug */,
				5BEE21AE29E607FC0012A4DD /* Release */,
			);
			defaultConfigurationIsVisible = 0;
			defaultConfigurationName = Release;
		};
/* End XCConfigurationList section */

/* Begin XCSwiftPackageProductDependency section */
		5B40B12F2A01BBAA00A79785 /* Server */ = {
			isa = XCSwiftPackageProductDependency;
			productName = Server;
		};
		5B40B1312A01BBB800A79785 /* App */ = {
			isa = XCSwiftPackageProductDependency;
			productName = App;
		};
/* End XCSwiftPackageProductDependency section */
	};
	rootObject = 5BEE217F29E607FB0012A4DD /* Project object */;
}
