// !$*UTF8*$!
{
	archiveVersion = 1;
	classes = {
	};
	objectVersion = 56;
	objects = {

/* Begin PBXBuildFile section */
		5B11DE0829EB6641007A993C /* main.swift in Sources */ = {isa = PBXBuildFile; fileRef = 5B11DE0729EB6641007A993C /* main.swift */; };
		5B2836D92A05A6F000A42566 /* MainMenu.xib in Resources */ = {isa = PBXBuildFile; fileRef = 5B2836D82A05A6F000A42566 /* MainMenu.xib */; };
		5B40B1302A01BBAA00A79785 /* Server in Frameworks */ = {isa = PBXBuildFile; productRef = 5B40B12F2A01BBAA00A79785 /* Server */; };
		5B40B1322A01BBB800A79785 /* App in Frameworks */ = {isa = PBXBuildFile; productRef = 5B40B1312A01BBB800A79785 /* App */; };
		5B69E6E629EB69350010AD63 /* BatFiHelper in Embed Helper Tool */ = {isa = PBXBuildFile; fileRef = 5B11DE0529EB6641007A993C /* BatFiHelper */; settings = {ATTRIBUTES = (CodeSignOnCopy, ); }; };
		5B69E6EC29ECA18E0010AD63 /* software.micropixels.BatFi.Helper.plist in Copy Helper Property List */ = {isa = PBXBuildFile; fileRef = 5B69E6EB29ECA1750010AD63 /* software.micropixels.BatFi.Helper.plist */; };
		5BEE218B29E607FB0012A4DD /* BatFiApp.swift in Sources */ = {isa = PBXBuildFile; fileRef = 5BEE218A29E607FB0012A4DD /* BatFiApp.swift */; };
		5BEE218F29E607FC0012A4DD /* Assets.xcassets in Resources */ = {isa = PBXBuildFile; fileRef = 5BEE218E29E607FC0012A4DD /* Assets.xcassets */; };
		66265D6D2D68B50A00B568E1 /* BetaConfig.xcconfig in Resources */ = {isa = PBXBuildFile; fileRef = 66265D6C2D68B50A00B568E1 /* BetaConfig.xcconfig */; };
		66558E972BC1CB5D00FC377A /* license.rtf in Resources */ = {isa = PBXBuildFile; fileRef = 66558E952BC1C47300FC377A /* license.rtf */; };
		66768FC92BE2814A002A7528 /* main.swift in Sources */ = {isa = PBXBuildFile; fileRef = 66768FC82BE2814A002A7528 /* main.swift */; };
		667BA0342BCDC83300369B79 /* DischargeBatteryIntent.swift in Sources */ = {isa = PBXBuildFile; fileRef = 667BA0322BCDC83300369B79 /* DischargeBatteryIntent.swift */; };
		667BA0352BCDC83300369B79 /* ChargeToFullIntent.swift in Sources */ = {isa = PBXBuildFile; fileRef = 667BA0332BCDC83300369B79 /* ChargeToFullIntent.swift */; };
		66939C242BD5A4E600A9B73A /* AppShortcuts.swift in Sources */ = {isa = PBXBuildFile; fileRef = 66939C232BD5A4E600A9B73A /* AppShortcuts.swift */; };
		66B305D82BDBE9F4005182C0 /* TurnOffOverrideIntent.swift in Sources */ = {isa = PBXBuildFile; fileRef = 66B305D72BDBE9F4005182C0 /* TurnOffOverrideIntent.swift */; };
		66CA64BF2BD1BD01001164BF /* TempOverrideBatteryLevelIntent.swift in Sources */ = {isa = PBXBuildFile; fileRef = 66CA64BE2BD1BD01001164BF /* TempOverrideBatteryLevelIntent.swift */; };
		66CF84312BC6D4A6003C51B8 /* PreviewsApp.swift in Sources */ = {isa = PBXBuildFile; fileRef = 66CF84302BC6D4A6003C51B8 /* PreviewsApp.swift */; };
		66CF84332BC6D4A6003C51B8 /* BatteryIndicator.swift in Sources */ = {isa = PBXBuildFile; fileRef = 66CF84322BC6D4A6003C51B8 /* BatteryIndicator.swift */; };
		66CF84352BC6D4A6003C51B8 /* Assets.xcassets in Resources */ = {isa = PBXBuildFile; fileRef = 66CF84342BC6D4A6003C51B8 /* Assets.xcassets */; };
		66CF84382BC6D4A6003C51B8 /* Preview Assets.xcassets in Resources */ = {isa = PBXBuildFile; fileRef = 66CF84372BC6D4A6003C51B8 /* Preview Assets.xcassets */; };
		66CF843F2BC6D4B3003C51B8 /* BatteryIndicator in Frameworks */ = {isa = PBXBuildFile; productRef = 66CF843E2BC6D4B3003C51B8 /* BatteryIndicator */; };
		66CF84402BC6D4B3003C51B8 /* BatteryIndicator in Embed Frameworks */ = {isa = PBXBuildFile; productRef = 66CF843E2BC6D4B3003C51B8 /* BatteryIndicator */; settings = {ATTRIBUTES = (CodeSignOnCopy, ); }; };
		66F50ABB2BD316970043C5DF /* Localizable.xcstrings in Resources */ = {isa = PBXBuildFile; fileRef = 66F50ABA2BD316970043C5DF /* Localizable.xcstrings */; };
		66FC398D2D50304200D2FEE1 /* LetsMove.framework in Frameworks */ = {isa = PBXBuildFile; fileRef = 66FC398C2D50303800D2FEE1 /* LetsMove.framework */; };
		66FC398E2D50304200D2FEE1 /* LetsMove.framework in Embed Frameworks */ = {isa = PBXBuildFile; fileRef = 66FC398C2D50303800D2FEE1 /* LetsMove.framework */; settings = {ATTRIBUTES = (CodeSignOnCopy, RemoveHeadersOnCopy, ); }; };
/* End PBXBuildFile section */

/* Begin PBXContainerItemProxy section */
		66FC39892D50303800D2FEE1 /* PBXContainerItemProxy */ = {
			isa = PBXContainerItemProxy;
			containerPortal = 66FC395C2D50303800D2FEE1 /* LetsMove.xcodeproj */;
			proxyType = 2;
			remoteGlobalIDString = 8D1107320486CEB800E47090;
			remoteInfo = "LetsMove Test";
		};
		66FC398B2D50303800D2FEE1 /* PBXContainerItemProxy */ = {
			isa = PBXContainerItemProxy;
			containerPortal = 66FC395C2D50303800D2FEE1 /* LetsMove.xcodeproj */;
			proxyType = 2;
			remoteGlobalIDString = F146F8271CE7094400233A9B;
			remoteInfo = LetsMove;
		};
/* End PBXContainerItemProxy section */

/* Begin PBXCopyFilesBuildPhase section */
		5B11DE0329EB6641007A993C /* CopyFiles */ = {
			isa = PBXCopyFilesBuildPhase;
			buildActionMask = 2147483647;
			dstPath = /usr/share/man/man1/;
			dstSubfolderSpec = 0;
			files = (
			);
			runOnlyForDeploymentPostprocessing = 1;
		};
		5B3C14AF29EA000800746A53 /* Embed Frameworks */ = {
			isa = PBXCopyFilesBuildPhase;
			buildActionMask = 2147483647;
			dstPath = "";
			dstSubfolderSpec = 10;
			files = (
				66FC398E2D50304200D2FEE1 /* LetsMove.framework in Embed Frameworks */,
			);
			name = "Embed Frameworks";
			runOnlyForDeploymentPostprocessing = 0;
		};
		5BB80D4029E9A28900186827 /* Embed Helper Tool */ = {
			isa = PBXCopyFilesBuildPhase;
			buildActionMask = 2147483647;
			dstPath = "";
			dstSubfolderSpec = 6;
			files = (
				5B69E6E629EB69350010AD63 /* BatFiHelper in Embed Helper Tool */,
			);
			name = "Embed Helper Tool";
			runOnlyForDeploymentPostprocessing = 0;
		};
		5BB80D4429E9A3A400186827 /* Copy Helper Property List */ = {
			isa = PBXCopyFilesBuildPhase;
			buildActionMask = 2147483647;
			dstPath = Contents/Library/LaunchDaemons;
			dstSubfolderSpec = 1;
			files = (
				5B69E6EC29ECA18E0010AD63 /* software.micropixels.BatFi.Helper.plist in Copy Helper Property List */,
			);
			name = "Copy Helper Property List";
			runOnlyForDeploymentPostprocessing = 0;
		};
		66CF84412BC6D4B3003C51B8 /* Embed Frameworks */ = {
			isa = PBXCopyFilesBuildPhase;
			buildActionMask = 2147483647;
			dstPath = "";
			dstSubfolderSpec = 10;
			files = (
				66CF84402BC6D4B3003C51B8 /* BatteryIndicator in Embed Frameworks */,
			);
			name = "Embed Frameworks";
			runOnlyForDeploymentPostprocessing = 0;
		};
/* End PBXCopyFilesBuildPhase section */

/* Begin PBXFileReference section */
		5B11DDF829EB5A13007A993C /* PropertyListModifier.swift */ = {isa = PBXFileReference; lastKnownFileType = sourcecode.swift; path = PropertyListModifier.swift; sourceTree = "<group>"; };
		5B11DE0529EB6641007A993C /* BatFiHelper */ = {isa = PBXFileReference; explicitFileType = "compiled.mach-o.executable"; includeInIndex = 0; path = BatFiHelper; sourceTree = BUILT_PRODUCTS_DIR; };
		5B11DE0729EB6641007A993C /* main.swift */ = {isa = PBXFileReference; lastKnownFileType = sourcecode.swift; path = main.swift; sourceTree = "<group>"; };
		5B11DE0C29EB6667007A993C /* HelperConfig.xcconfig */ = {isa = PBXFileReference; lastKnownFileType = text.xcconfig; path = HelperConfig.xcconfig; sourceTree = "<group>"; };
		5B2836D82A05A6F000A42566 /* MainMenu.xib */ = {isa = PBXFileReference; fileEncoding = 4; lastKnownFileType = file.xib; path = MainMenu.xib; sourceTree = "<group>"; };
		5B3C14C929EB431600746A53 /* AppConfig.xcconfig */ = {isa = PBXFileReference; lastKnownFileType = text.xcconfig; path = AppConfig.xcconfig; sourceTree = "<group>"; };
		5B68B9DF29FC0F11008AF5FD /* BatFiKit */ = {isa = PBXFileReference; lastKnownFileType = wrapper; path = BatFiKit; sourceTree = "<group>"; };
		5B69E6E429EB67F70010AD63 /* Info.plist */ = {isa = PBXFileReference; lastKnownFileType = text.plist.xml; path = Info.plist; sourceTree = "<group>"; };
		5B69E6E729EB6AB00010AD63 /* Info.plist */ = {isa = PBXFileReference; lastKnownFileType = text.plist.xml; path = Info.plist; sourceTree = "<group>"; };
		5B69E6EB29ECA1750010AD63 /* software.micropixels.BatFi.Helper.plist */ = {isa = PBXFileReference; lastKnownFileType = text.plist.xml; path = software.micropixels.BatFi.Helper.plist; sourceTree = "<group>"; };
		5BB5D8842B5C25BE0023CEBD /* .swiftformat */ = {isa = PBXFileReference; lastKnownFileType = text; path = .swiftformat; sourceTree = "<group>"; };
		5BB80D4829E9EF6600186827 /* Config.xcconfig */ = {isa = PBXFileReference; lastKnownFileType = text.xcconfig; path = Config.xcconfig; sourceTree = "<group>"; };
		5BC234F929F09C0000EE2F09 /* IOKit.framework */ = {isa = PBXFileReference; lastKnownFileType = wrapper.framework; name = IOKit.framework; path = System/Library/Frameworks/IOKit.framework; sourceTree = SDKROOT; };
		5BEE218729E607FB0012A4DD /* BatFi.app */ = {isa = PBXFileReference; explicitFileType = wrapper.application; includeInIndex = 0; path = BatFi.app; sourceTree = BUILT_PRODUCTS_DIR; };
		5BEE218A29E607FB0012A4DD /* BatFiApp.swift */ = {isa = PBXFileReference; lastKnownFileType = sourcecode.swift; path = BatFiApp.swift; sourceTree = "<group>"; };
		5BEE218E29E607FC0012A4DD /* Assets.xcassets */ = {isa = PBXFileReference; lastKnownFileType = folder.assetcatalog; path = Assets.xcassets; sourceTree = "<group>"; };
		5BEE21B629E612C00012A4DD /* ServiceManagement.framework */ = {isa = PBXFileReference; lastKnownFileType = wrapper.framework; name = ServiceManagement.framework; path = System/Library/Frameworks/ServiceManagement.framework; sourceTree = SDKROOT; };
		66265D6C2D68B50A00B568E1 /* BetaConfig.xcconfig */ = {isa = PBXFileReference; lastKnownFileType = text.xcconfig; path = BetaConfig.xcconfig; sourceTree = "<group>"; };
		66558E952BC1C47300FC377A /* license.rtf */ = {isa = PBXFileReference; fileEncoding = 4; lastKnownFileType = text.rtf; path = license.rtf; sourceTree = "<group>"; };
		66768FC82BE2814A002A7528 /* main.swift */ = {isa = PBXFileReference; lastKnownFileType = sourcecode.swift; path = main.swift; sourceTree = "<group>"; };
		667BA0322BCDC83300369B79 /* DischargeBatteryIntent.swift */ = {isa = PBXFileReference; lastKnownFileType = sourcecode.swift; path = DischargeBatteryIntent.swift; sourceTree = "<group>"; };
		667BA0332BCDC83300369B79 /* ChargeToFullIntent.swift */ = {isa = PBXFileReference; lastKnownFileType = sourcecode.swift; path = ChargeToFullIntent.swift; sourceTree = "<group>"; };
		66939C232BD5A4E600A9B73A /* AppShortcuts.swift */ = {isa = PBXFileReference; fileEncoding = 4; lastKnownFileType = sourcecode.swift; path = AppShortcuts.swift; sourceTree = "<group>"; };
		66B305D72BDBE9F4005182C0 /* TurnOffOverrideIntent.swift */ = {isa = PBXFileReference; lastKnownFileType = sourcecode.swift; path = TurnOffOverrideIntent.swift; sourceTree = "<group>"; };
		66CA64BE2BD1BD01001164BF /* TempOverrideBatteryLevelIntent.swift */ = {isa = PBXFileReference; lastKnownFileType = sourcecode.swift; path = TempOverrideBatteryLevelIntent.swift; sourceTree = "<group>"; };
		66CF842E2BC6D4A6003C51B8 /* Previews.app */ = {isa = PBXFileReference; explicitFileType = wrapper.application; includeInIndex = 0; path = Previews.app; sourceTree = BUILT_PRODUCTS_DIR; };
		66CF84302BC6D4A6003C51B8 /* PreviewsApp.swift */ = {isa = PBXFileReference; lastKnownFileType = sourcecode.swift; path = PreviewsApp.swift; sourceTree = "<group>"; };
		66CF84322BC6D4A6003C51B8 /* BatteryIndicator.swift */ = {isa = PBXFileReference; lastKnownFileType = sourcecode.swift; path = BatteryIndicator.swift; sourceTree = "<group>"; };
		66CF84342BC6D4A6003C51B8 /* Assets.xcassets */ = {isa = PBXFileReference; lastKnownFileType = folder.assetcatalog; path = Assets.xcassets; sourceTree = "<group>"; };
		66CF84372BC6D4A6003C51B8 /* Preview Assets.xcassets */ = {isa = PBXFileReference; lastKnownFileType = folder.assetcatalog; path = "Preview Assets.xcassets"; sourceTree = "<group>"; };
		66CF84392BC6D4A6003C51B8 /* Previews.entitlements */ = {isa = PBXFileReference; lastKnownFileType = text.plist.entitlements; path = Previews.entitlements; sourceTree = "<group>"; };
		66F50ABA2BD316970043C5DF /* Localizable.xcstrings */ = {isa = PBXFileReference; lastKnownFileType = text.json.xcstrings; path = Localizable.xcstrings; sourceTree = "<group>"; };
		66FC39562D50303800D2FEE1 /* .gitignore */ = {isa = PBXFileReference; lastKnownFileType = text; path = .gitignore; sourceTree = "<group>"; };
		66FC39572D50303800D2FEE1 /* en */ = {isa = PBXFileReference; lastKnownFileType = text.plist.strings; name = en; path = en.lproj/InfoPlist.strings; sourceTree = "<group>"; };
		66FC39592D50303800D2FEE1 /* LetsMove.h */ = {isa = PBXFileReference; lastKnownFileType = sourcecode.c.h; path = LetsMove.h; sourceTree = "<group>"; };
		66FC395A2D50303800D2FEE1 /* LetsMove.modulemap */ = {isa = PBXFileReference; lastKnownFileType = "sourcecode.module-map"; path = LetsMove.modulemap; sourceTree = "<group>"; };
		66FC395B2D50303800D2FEE1 /* LetsMove.podspec */ = {isa = PBXFileReference; lastKnownFileType = text; path = LetsMove.podspec; sourceTree = "<group>"; };
		66FC395C2D50303800D2FEE1 /* LetsMove.xcodeproj */ = {isa = PBXFileReference; lastKnownFileType = "wrapper.pb-project"; path = LetsMove.xcodeproj; sourceTree = "<group>"; };
		66FC395D2D50303800D2FEE1 /* LetsMove_Prefix.pch */ = {isa = PBXFileReference; lastKnownFileType = sourcecode.c.h; path = LetsMove_Prefix.pch; sourceTree = "<group>"; };
		66FC395E2D50303800D2FEE1 /* LetsMove-Info.plist */ = {isa = PBXFileReference; lastKnownFileType = text.plist.xml; path = "LetsMove-Info.plist"; sourceTree = "<group>"; };
		66FC395F2D50303800D2FEE1 /* LetsMove-Test-Info.plist */ = {isa = PBXFileReference; lastKnownFileType = text.plist.xml; path = "LetsMove-Test-Info.plist"; sourceTree = "<group>"; };
		66FC39602D50303800D2FEE1 /* LetsMoveAppDelegate.h */ = {isa = PBXFileReference; lastKnownFileType = sourcecode.c.h; path = LetsMoveAppDelegate.h; sourceTree = "<group>"; };
		66FC39612D50303800D2FEE1 /* LetsMoveAppDelegate.m */ = {isa = PBXFileReference; lastKnownFileType = sourcecode.c.objc; path = LetsMoveAppDelegate.m; sourceTree = "<group>"; };
		66FC39622D50303800D2FEE1 /* main.m */ = {isa = PBXFileReference; lastKnownFileType = sourcecode.c.objc; path = main.m; sourceTree = "<group>"; };
		66FC39632D50303800D2FEE1 /* Base */ = {isa = PBXFileReference; lastKnownFileType = file.xib; name = Base; path = Base.lproj/MainMenu.xib; sourceTree = "<group>"; };
		66FC39642D50303800D2FEE1 /* en */ = {isa = PBXFileReference; lastKnownFileType = file.xib; name = en; path = en.lproj/MainMenu.xib; sourceTree = "<group>"; };
		66FC39662D50303800D2FEE1 /* ca */ = {isa = PBXFileReference; lastKnownFileType = text.plist.strings; name = ca; path = ca.lproj/MoveApplication.strings; sourceTree = "<group>"; };
		66FC39672D50303800D2FEE1 /* cs */ = {isa = PBXFileReference; lastKnownFileType = text.plist.strings; name = cs; path = cs.lproj/MoveApplication.strings; sourceTree = "<group>"; };
		66FC39682D50303800D2FEE1 /* da */ = {isa = PBXFileReference; lastKnownFileType = text.plist.strings; name = da; path = da.lproj/MoveApplication.strings; sourceTree = "<group>"; };
		66FC39692D50303800D2FEE1 /* de */ = {isa = PBXFileReference; lastKnownFileType = text.plist.strings; name = de; path = de.lproj/MoveApplication.strings; sourceTree = "<group>"; };
		66FC396A2D50303800D2FEE1 /* el */ = {isa = PBXFileReference; lastKnownFileType = text.plist.strings; name = el; path = el.lproj/MoveApplication.strings; sourceTree = "<group>"; };
		66FC396B2D50303800D2FEE1 /* en */ = {isa = PBXFileReference; lastKnownFileType = text.plist.strings; name = en; path = en.lproj/MoveApplication.strings; sourceTree = "<group>"; };
		66FC396C2D50303800D2FEE1 /* es */ = {isa = PBXFileReference; lastKnownFileType = text.plist.strings; name = es; path = es.lproj/MoveApplication.strings; sourceTree = "<group>"; };
		66FC396D2D50303800D2FEE1 /* fr */ = {isa = PBXFileReference; lastKnownFileType = text.plist.strings; name = fr; path = fr.lproj/MoveApplication.strings; sourceTree = "<group>"; };
		66FC396E2D50303800D2FEE1 /* hu */ = {isa = PBXFileReference; lastKnownFileType = text.plist.strings; name = hu; path = hu.lproj/MoveApplication.strings; sourceTree = "<group>"; };
		66FC396F2D50303800D2FEE1 /* it */ = {isa = PBXFileReference; lastKnownFileType = text.plist.strings; name = it; path = it.lproj/MoveApplication.strings; sourceTree = "<group>"; };
		66FC39702D50303800D2FEE1 /* ja */ = {isa = PBXFileReference; lastKnownFileType = text.plist.strings; name = ja; path = ja.lproj/MoveApplication.strings; sourceTree = "<group>"; };
		66FC39712D50303800D2FEE1 /* ko */ = {isa = PBXFileReference; lastKnownFileType = text.plist.strings; name = ko; path = ko.lproj/MoveApplication.strings; sourceTree = "<group>"; };
		66FC39722D50303800D2FEE1 /* mk */ = {isa = PBXFileReference; lastKnownFileType = text.plist.strings; name = mk; path = mk.lproj/MoveApplication.strings; sourceTree = "<group>"; };
		66FC39732D50303800D2FEE1 /* nb */ = {isa = PBXFileReference; lastKnownFileType = text.plist.strings; name = nb; path = nb.lproj/MoveApplication.strings; sourceTree = "<group>"; };
		66FC39742D50303800D2FEE1 /* nl */ = {isa = PBXFileReference; lastKnownFileType = text.plist.strings; name = nl; path = nl.lproj/MoveApplication.strings; sourceTree = "<group>"; };
		66FC39752D50303800D2FEE1 /* pl */ = {isa = PBXFileReference; lastKnownFileType = text.plist.strings; name = pl; path = pl.lproj/MoveApplication.strings; sourceTree = "<group>"; };
		66FC39762D50303800D2FEE1 /* pt */ = {isa = PBXFileReference; lastKnownFileType = text.plist.strings; name = pt; path = pt.lproj/MoveApplication.strings; sourceTree = "<group>"; };
		66FC39772D50303800D2FEE1 /* pt_BR */ = {isa = PBXFileReference; lastKnownFileType = text.plist.strings; name = pt_BR; path = pt_BR.lproj/MoveApplication.strings; sourceTree = "<group>"; };
		66FC39782D50303800D2FEE1 /* ru */ = {isa = PBXFileReference; lastKnownFileType = text.plist.strings; name = ru; path = ru.lproj/MoveApplication.strings; sourceTree = "<group>"; };
		66FC39792D50303800D2FEE1 /* sk */ = {isa = PBXFileReference; lastKnownFileType = text.plist.strings; name = sk; path = sk.lproj/MoveApplication.strings; sourceTree = "<group>"; };
		66FC397A2D50303800D2FEE1 /* sr */ = {isa = PBXFileReference; lastKnownFileType = text.plist.strings; name = sr; path = sr.lproj/MoveApplication.strings; sourceTree = "<group>"; };
		66FC397B2D50303800D2FEE1 /* sv */ = {isa = PBXFileReference; lastKnownFileType = text.plist.strings; name = sv; path = sv.lproj/MoveApplication.strings; sourceTree = "<group>"; };
		66FC397C2D50303800D2FEE1 /* tr */ = {isa = PBXFileReference; lastKnownFileType = text.plist.strings; name = tr; path = tr.lproj/MoveApplication.strings; sourceTree = "<group>"; };
		66FC397D2D50303800D2FEE1 /* vi-VN */ = {isa = PBXFileReference; lastKnownFileType = text.plist.strings; name = "vi-VN"; path = "vi-VN.lproj/MoveApplication.strings"; sourceTree = "<group>"; };
		66FC397E2D50303800D2FEE1 /* zh_CN */ = {isa = PBXFileReference; lastKnownFileType = text.plist.strings; name = zh_CN; path = zh_CN.lproj/MoveApplication.strings; sourceTree = "<group>"; };
		66FC397F2D50303800D2FEE1 /* zh_TW */ = {isa = PBXFileReference; lastKnownFileType = text.plist.strings; name = zh_TW; path = zh_TW.lproj/MoveApplication.strings; sourceTree = "<group>"; };
		66FC39812D50303800D2FEE1 /* PFMoveApplication.h */ = {isa = PBXFileReference; lastKnownFileType = sourcecode.c.h; path = PFMoveApplication.h; sourceTree = "<group>"; };
		66FC39822D50303800D2FEE1 /* PFMoveApplication.m */ = {isa = PBXFileReference; lastKnownFileType = sourcecode.c.objc; path = PFMoveApplication.m; sourceTree = "<group>"; };
		66FC39832D50303800D2FEE1 /* README.md */ = {isa = PBXFileReference; lastKnownFileType = net.daringfireball.markdown; path = README.md; sourceTree = "<group>"; };
/* End PBXFileReference section */

/* Begin PBXFrameworksBuildPhase section */
		5B11DE0229EB6641007A993C /* Frameworks */ = {
			isa = PBXFrameworksBuildPhase;
			buildActionMask = 2147483647;
			files = (
				5B40B1302A01BBAA00A79785 /* Server in Frameworks */,
			);
			runOnlyForDeploymentPostprocessing = 0;
		};
		5BEE218429E607FB0012A4DD /* Frameworks */ = {
			isa = PBXFrameworksBuildPhase;
			buildActionMask = 2147483647;
			files = (
				5B40B1322A01BBB800A79785 /* App in Frameworks */,
				66FC398D2D50304200D2FEE1 /* LetsMove.framework in Frameworks */,
			);
			runOnlyForDeploymentPostprocessing = 0;
		};
		66CF842B2BC6D4A6003C51B8 /* Frameworks */ = {
			isa = PBXFrameworksBuildPhase;
			buildActionMask = 2147483647;
			files = (
				66CF843F2BC6D4B3003C51B8 /* BatteryIndicator in Frameworks */,
			);
			runOnlyForDeploymentPostprocessing = 0;
		};
/* End PBXFrameworksBuildPhase section */

/* Begin PBXGroup section */
		5B11DE0629EB6641007A993C /* Helper */ = {
			isa = PBXGroup;
			children = (
				5B69E6E429EB67F70010AD63 /* Info.plist */,
				5B11DE0C29EB6667007A993C /* HelperConfig.xcconfig */,
				5B11DE0729EB6641007A993C /* main.swift */,
			);
			path = Helper;
			sourceTree = "<group>";
		};
		5BB80D4729E9EF6600186827 /* Supporting Files */ = {
			isa = PBXGroup;
			children = (
				66558E952BC1C47300FC377A /* license.rtf */,
				5BB80D4829E9EF6600186827 /* Config.xcconfig */,
				5B11DDF829EB5A13007A993C /* PropertyListModifier.swift */,
			);
			path = "Supporting Files";
			sourceTree = "<group>";
		};
		5BEE217E29E607FB0012A4DD = {
			isa = PBXGroup;
			children = (
				66FC39842D50303800D2FEE1 /* LetsMove */,
				5BB5D8842B5C25BE0023CEBD /* .swiftformat */,
				5B68B9DF29FC0F11008AF5FD /* BatFiKit */,
				5BEE218929E607FB0012A4DD /* App */,
				5B11DE0629EB6641007A993C /* Helper */,
				5BB80D4729E9EF6600186827 /* Supporting Files */,
				66CF842F2BC6D4A6003C51B8 /* Previews */,
				5BEE218829E607FB0012A4DD /* Products */,
				5BEE21B529E612C00012A4DD /* Frameworks */,
			);
			sourceTree = "<group>";
		};
		5BEE218829E607FB0012A4DD /* Products */ = {
			isa = PBXGroup;
			children = (
				5BEE218729E607FB0012A4DD /* BatFi.app */,
				5B11DE0529EB6641007A993C /* BatFiHelper */,
				66CF842E2BC6D4A6003C51B8 /* Previews.app */,
			);
			name = Products;
			sourceTree = "<group>";
		};
		5BEE218929E607FB0012A4DD /* App */ = {
			isa = PBXGroup;
			children = (
				667BA0332BCDC83300369B79 /* ChargeToFullIntent.swift */,
				667BA0322BCDC83300369B79 /* DischargeBatteryIntent.swift */,
				66CA64BE2BD1BD01001164BF /* TempOverrideBatteryLevelIntent.swift */,
				66B305D72BDBE9F4005182C0 /* TurnOffOverrideIntent.swift */,
				5BEE218A29E607FB0012A4DD /* BatFiApp.swift */,
				66768FC82BE2814A002A7528 /* main.swift */,
				5B2836D82A05A6F000A42566 /* MainMenu.xib */,
				5BEE218E29E607FC0012A4DD /* Assets.xcassets */,
				5B3C14C929EB431600746A53 /* AppConfig.xcconfig */,
				66265D6C2D68B50A00B568E1 /* BetaConfig.xcconfig */,
				5B69E6E729EB6AB00010AD63 /* Info.plist */,
				5B69E6EB29ECA1750010AD63 /* software.micropixels.BatFi.Helper.plist */,
				66F50ABA2BD316970043C5DF /* Localizable.xcstrings */,
				66939C232BD5A4E600A9B73A /* AppShortcuts.swift */,
			);
			path = App;
			sourceTree = "<group>";
		};
		5BEE21B529E612C00012A4DD /* Frameworks */ = {
			isa = PBXGroup;
			children = (
				5BC234F929F09C0000EE2F09 /* IOKit.framework */,
				5BEE21B629E612C00012A4DD /* ServiceManagement.framework */,
			);
			name = Frameworks;
			sourceTree = "<group>";
		};
		66CF842F2BC6D4A6003C51B8 /* Previews */ = {
			isa = PBXGroup;
			children = (
				66CF84302BC6D4A6003C51B8 /* PreviewsApp.swift */,
				66CF84322BC6D4A6003C51B8 /* BatteryIndicator.swift */,
				66CF84342BC6D4A6003C51B8 /* Assets.xcassets */,
				66CF84392BC6D4A6003C51B8 /* Previews.entitlements */,
				66CF84362BC6D4A6003C51B8 /* Preview Content */,
			);
			path = Previews;
			sourceTree = "<group>";
		};
		66CF84362BC6D4A6003C51B8 /* Preview Content */ = {
			isa = PBXGroup;
			children = (
				66CF84372BC6D4A6003C51B8 /* Preview Assets.xcassets */,
			);
			path = "Preview Content";
			sourceTree = "<group>";
		};
		66FC39842D50303800D2FEE1 /* LetsMove */ = {
			isa = PBXGroup;
			children = (
				66FC39562D50303800D2FEE1 /* .gitignore */,
				66FC39582D50303800D2FEE1 /* InfoPlist.strings */,
				66FC39592D50303800D2FEE1 /* LetsMove.h */,
				66FC395A2D50303800D2FEE1 /* LetsMove.modulemap */,
				66FC395B2D50303800D2FEE1 /* LetsMove.podspec */,
				66FC395C2D50303800D2FEE1 /* LetsMove.xcodeproj */,
				66FC395D2D50303800D2FEE1 /* LetsMove_Prefix.pch */,
				66FC395E2D50303800D2FEE1 /* LetsMove-Info.plist */,
				66FC395F2D50303800D2FEE1 /* LetsMove-Test-Info.plist */,
				66FC39602D50303800D2FEE1 /* LetsMoveAppDelegate.h */,
				66FC39612D50303800D2FEE1 /* LetsMoveAppDelegate.m */,
				66FC39622D50303800D2FEE1 /* main.m */,
				66FC39652D50303800D2FEE1 /* MainMenu.xib */,
				66FC39802D50303800D2FEE1 /* MoveApplication.strings */,
				66FC39812D50303800D2FEE1 /* PFMoveApplication.h */,
				66FC39822D50303800D2FEE1 /* PFMoveApplication.m */,
				66FC39832D50303800D2FEE1 /* README.md */,
			);
			path = LetsMove;
			sourceTree = "<group>";
		};
		66FC39852D50303800D2FEE1 /* Products */ = {
			isa = PBXGroup;
			children = (
				66FC398A2D50303800D2FEE1 /* LetsMove Test.app */,
				66FC398C2D50303800D2FEE1 /* LetsMove.framework */,
			);
			name = Products;
			sourceTree = "<group>";
		};
/* End PBXGroup section */

/* Begin PBXNativeTarget section */
		5B11DE0429EB6641007A993C /* Helper */ = {
			isa = PBXNativeTarget;
			buildConfigurationList = 5B11DE0929EB6641007A993C /* Build configuration list for PBXNativeTarget "Helper" */;
			buildPhases = (
				5B11DE0D29EB6700007A993C /* ShellScript */,
				5B11DE0129EB6641007A993C /* Sources */,
				5B11DE0229EB6641007A993C /* Frameworks */,
				5B11DE0329EB6641007A993C /* CopyFiles */,
			);
			buildRules = (
			);
			dependencies = (
			);
			name = Helper;
			packageProductDependencies = (
				5B40B12F2A01BBAA00A79785 /* Server */,
			);
			productName = Helper;
			productReference = 5B11DE0529EB6641007A993C /* BatFiHelper */;
			productType = "com.apple.product-type.tool";
		};
		5BEE218629E607FB0012A4DD /* BatFi */ = {
			isa = PBXNativeTarget;
			buildConfigurationList = 5BEE21AC29E607FC0012A4DD /* Build configuration list for PBXNativeTarget "BatFi" */;
			buildPhases = (
				5B11DDFF29EB62F1007A993C /* PropertyListModifier */,
				5BEE218329E607FB0012A4DD /* Sources */,
				5BEE218429E607FB0012A4DD /* Frameworks */,
				5BEE218529E607FB0012A4DD /* Resources */,
				5BB80D4029E9A28900186827 /* Embed Helper Tool */,
				5BB80D4429E9A3A400186827 /* Copy Helper Property List */,
				5B3C14AF29EA000800746A53 /* Embed Frameworks */,
			);
			buildRules = (
			);
			dependencies = (
			);
			name = BatFi;
			packageProductDependencies = (
				5B40B1312A01BBB800A79785 /* App */,
			);
			productName = BatFi;
			productReference = 5BEE218729E607FB0012A4DD /* BatFi.app */;
			productType = "com.apple.product-type.application";
		};
		66CF842D2BC6D4A6003C51B8 /* Previews */ = {
			isa = PBXNativeTarget;
			buildConfigurationList = 66CF843A2BC6D4A6003C51B8 /* Build configuration list for PBXNativeTarget "Previews" */;
			buildPhases = (
				66CF842A2BC6D4A6003C51B8 /* Sources */,
				66CF842B2BC6D4A6003C51B8 /* Frameworks */,
				66CF842C2BC6D4A6003C51B8 /* Resources */,
				66CF84412BC6D4B3003C51B8 /* Embed Frameworks */,
			);
			buildRules = (
			);
			dependencies = (
			);
			name = Previews;
			packageProductDependencies = (
				66CF843E2BC6D4B3003C51B8 /* BatteryIndicator */,
			);
			productName = Previews;
			productReference = 66CF842E2BC6D4A6003C51B8 /* Previews.app */;
			productType = "com.apple.product-type.application";
		};
/* End PBXNativeTarget section */

/* Begin PBXProject section */
		5BEE217F29E607FB0012A4DD /* Project object */ = {
			isa = PBXProject;
			attributes = {
				BuildIndependentTargetsInParallel = 1;
				LastSwiftUpdateCheck = 1530;
				LastUpgradeCheck = 1530;
				TargetAttributes = {
					5B11DE0429EB6641007A993C = {
						CreatedOnToolsVersion = 14.3;
					};
					5BEE218629E607FB0012A4DD = {
						CreatedOnToolsVersion = 14.3;
					};
					66CF842D2BC6D4A6003C51B8 = {
						CreatedOnToolsVersion = 15.3;
					};
				};
			};
			buildConfigurationList = 5BEE218229E607FB0012A4DD /* Build configuration list for PBXProject "BatFi" */;
			compatibilityVersion = "Xcode 14.0";
			developmentRegion = en;
			hasScannedForEncodings = 0;
			knownRegions = (
				en,
				pl,
				ja,
				de,
				fr,
				ko,
				ru,
				"zh-Hans",
				"pt-BR",
				nl,
				tr,
				Base,
				el,
				mk,
				zh_CN,
				nb,
				es,
				pt_BR,
				da,
				it,
				sk,
				sr,
				sv,
				cs,
				"vi-VN",
				hu,
				zh_TW,
				pt,
				ca,
			);
			mainGroup = 5BEE217E29E607FB0012A4DD;
			packageReferences = (
			);
			productRefGroup = 5BEE218829E607FB0012A4DD /* Products */;
			projectDirPath = "";
			projectReferences = (
				{
					ProductGroup = 66FC39852D50303800D2FEE1 /* Products */;
					ProjectRef = 66FC395C2D50303800D2FEE1 /* LetsMove.xcodeproj */;
				},
			);
			projectRoot = "";
			targets = (
				5BEE218629E607FB0012A4DD /* BatFi */,
				5B11DE0429EB6641007A993C /* Helper */,
				66CF842D2BC6D4A6003C51B8 /* Previews */,
			);
		};
/* End PBXProject section */

/* Begin PBXReferenceProxy section */
		66FC398A2D50303800D2FEE1 /* LetsMove Test.app */ = {
			isa = PBXReferenceProxy;
			fileType = wrapper.application;
			path = "LetsMove Test.app";
			remoteRef = 66FC39892D50303800D2FEE1 /* PBXContainerItemProxy */;
			sourceTree = BUILT_PRODUCTS_DIR;
		};
		66FC398C2D50303800D2FEE1 /* LetsMove.framework */ = {
			isa = PBXReferenceProxy;
			fileType = wrapper.framework;
			path = LetsMove.framework;
			remoteRef = 66FC398B2D50303800D2FEE1 /* PBXContainerItemProxy */;
			sourceTree = BUILT_PRODUCTS_DIR;
		};
/* End PBXReferenceProxy section */

/* Begin PBXResourcesBuildPhase section */
		5BEE218529E607FB0012A4DD /* Resources */ = {
			isa = PBXResourcesBuildPhase;
			buildActionMask = 2147483647;
			files = (
				66558E972BC1CB5D00FC377A /* license.rtf in Resources */,
				66F50ABB2BD316970043C5DF /* Localizable.xcstrings in Resources */,
				66265D6D2D68B50A00B568E1 /* BetaConfig.xcconfig in Resources */,
				5BEE218F29E607FC0012A4DD /* Assets.xcassets in Resources */,
				5B2836D92A05A6F000A42566 /* MainMenu.xib in Resources */,
			);
			runOnlyForDeploymentPostprocessing = 0;
		};
		66CF842C2BC6D4A6003C51B8 /* Resources */ = {
			isa = PBXResourcesBuildPhase;
			buildActionMask = 2147483647;
			files = (
				66CF84382BC6D4A6003C51B8 /* Preview Assets.xcassets in Resources */,
				66CF84352BC6D4A6003C51B8 /* Assets.xcassets in Resources */,
			);
			runOnlyForDeploymentPostprocessing = 0;
		};
/* End PBXResourcesBuildPhase section */

/* Begin PBXShellScriptBuildPhase section */
		5B11DDFF29EB62F1007A993C /* PropertyListModifier */ = {
			isa = PBXShellScriptBuildPhase;
			alwaysOutOfDate = 1;
			buildActionMask = 2147483647;
			files = (
			);
			inputFileListPaths = (
			);
			inputPaths = (
			);
			name = PropertyListModifier;
			outputFileListPaths = (
			);
			outputPaths = (
			);
			runOnlyForDeploymentPostprocessing = 0;
			shellPath = /bin/sh;
			shellScript = "\"${SRCROOT}\"/Supporting\\ Files/PropertyListModifier.swift satisfy-job-bless-requirements specify-mach-services\n";
		};
		5B11DE0D29EB6700007A993C /* ShellScript */ = {
			isa = PBXShellScriptBuildPhase;
			alwaysOutOfDate = 1;
			buildActionMask = 2147483647;
			files = (
			);
			inputFileListPaths = (
			);
			inputPaths = (
			);
			outputFileListPaths = (
			);
			outputPaths = (
			);
			runOnlyForDeploymentPostprocessing = 0;
			shellPath = /bin/sh;
			shellScript = "\"${SRCROOT}\"/Supporting\\ Files/PropertyListModifier.swift satisfy-job-bless-requirements\n";
		};
/* End PBXShellScriptBuildPhase section */

/* Begin PBXSourcesBuildPhase section */
		5B11DE0129EB6641007A993C /* Sources */ = {
			isa = PBXSourcesBuildPhase;
			buildActionMask = 2147483647;
			files = (
				5B11DE0829EB6641007A993C /* main.swift in Sources */,
			);
			runOnlyForDeploymentPostprocessing = 0;
		};
		5BEE218329E607FB0012A4DD /* Sources */ = {
			isa = PBXSourcesBuildPhase;
			buildActionMask = 2147483647;
			files = (
				5BEE218B29E607FB0012A4DD /* BatFiApp.swift in Sources */,
				66768FC92BE2814A002A7528 /* main.swift in Sources */,
				66CA64BF2BD1BD01001164BF /* TempOverrideBatteryLevelIntent.swift in Sources */,
				66B305D82BDBE9F4005182C0 /* TurnOffOverrideIntent.swift in Sources */,
				667BA0352BCDC83300369B79 /* ChargeToFullIntent.swift in Sources */,
				66939C242BD5A4E600A9B73A /* AppShortcuts.swift in Sources */,
				667BA0342BCDC83300369B79 /* DischargeBatteryIntent.swift in Sources */,
			);
			runOnlyForDeploymentPostprocessing = 0;
		};
		66CF842A2BC6D4A6003C51B8 /* Sources */ = {
			isa = PBXSourcesBuildPhase;
			buildActionMask = 2147483647;
			files = (
				66CF84332BC6D4A6003C51B8 /* BatteryIndicator.swift in Sources */,
				66CF84312BC6D4A6003C51B8 /* PreviewsApp.swift in Sources */,
			);
			runOnlyForDeploymentPostprocessing = 0;
		};
/* End PBXSourcesBuildPhase section */

/* Begin PBXVariantGroup section */
		66FC39582D50303800D2FEE1 /* InfoPlist.strings */ = {
			isa = PBXVariantGroup;
			children = (
				66FC39572D50303800D2FEE1 /* en */,
			);
			name = InfoPlist.strings;
			sourceTree = "<group>";
		};
		66FC39652D50303800D2FEE1 /* MainMenu.xib */ = {
			isa = PBXVariantGroup;
			children = (
				66FC39632D50303800D2FEE1 /* Base */,
				66FC39642D50303800D2FEE1 /* en */,
			);
			name = MainMenu.xib;
			sourceTree = "<group>";
		};
		66FC39802D50303800D2FEE1 /* MoveApplication.strings */ = {
			isa = PBXVariantGroup;
			children = (
				66FC39662D50303800D2FEE1 /* ca */,
				66FC39672D50303800D2FEE1 /* cs */,
				66FC39682D50303800D2FEE1 /* da */,
				66FC39692D50303800D2FEE1 /* de */,
				66FC396A2D50303800D2FEE1 /* el */,
				66FC396B2D50303800D2FEE1 /* en */,
				66FC396C2D50303800D2FEE1 /* es */,
				66FC396D2D50303800D2FEE1 /* fr */,
				66FC396E2D50303800D2FEE1 /* hu */,
				66FC396F2D50303800D2FEE1 /* it */,
				66FC39702D50303800D2FEE1 /* ja */,
				66FC39712D50303800D2FEE1 /* ko */,
				66FC39722D50303800D2FEE1 /* mk */,
				66FC39732D50303800D2FEE1 /* nb */,
				66FC39742D50303800D2FEE1 /* nl */,
				66FC39752D50303800D2FEE1 /* pl */,
				66FC39762D50303800D2FEE1 /* pt */,
				66FC39772D50303800D2FEE1 /* pt_BR */,
				66FC39782D50303800D2FEE1 /* ru */,
				66FC39792D50303800D2FEE1 /* sk */,
				66FC397A2D50303800D2FEE1 /* sr */,
				66FC397B2D50303800D2FEE1 /* sv */,
				66FC397C2D50303800D2FEE1 /* tr */,
				66FC397D2D50303800D2FEE1 /* vi-VN */,
				66FC397E2D50303800D2FEE1 /* zh_CN */,
				66FC397F2D50303800D2FEE1 /* zh_TW */,
			);
			name = MoveApplication.strings;
			sourceTree = "<group>";
		};
/* End PBXVariantGroup section */

/* Begin XCBuildConfiguration section */
		5B11DE0A29EB6641007A993C /* Debug */ = {
			isa = XCBuildConfiguration;
			baseConfigurationReference = 5B11DE0C29EB6667007A993C /* HelperConfig.xcconfig */;
			buildSettings = {
				ARCHS = arm64;
				CODE_SIGN_IDENTITY = "Apple Development";
				CODE_SIGN_STYLE = Automatic;
				CURRENT_PROJECT_VERSION = 49;
				DEAD_CODE_STRIPPING = YES;
				DEVELOPMENT_TEAM = YL78V8PY6H;
				ENABLE_HARDENED_RUNTIME = YES;
				MARKETING_VERSION = $APP_VERSION;
				PRODUCT_NAME = "$(TARGET_NAME)";
				PROVISIONING_PROFILE_SPECIFIER = "";
				SWIFT_VERSION = 5.0;
			};
			name = Debug;
		};
		5B11DE0B29EB6641007A993C /* Release */ = {
			isa = XCBuildConfiguration;
			baseConfigurationReference = 5B11DE0C29EB6667007A993C /* HelperConfig.xcconfig */;
			buildSettings = {
				ARCHS = arm64;
				CODE_SIGN_IDENTITY = "Apple Development";
				CODE_SIGN_STYLE = Automatic;
				CURRENT_PROJECT_VERSION = 49;
				DEAD_CODE_STRIPPING = YES;
				DEVELOPMENT_TEAM = YL78V8PY6H;
				ENABLE_HARDENED_RUNTIME = YES;
				MARKETING_VERSION = $APP_VERSION;
				PRODUCT_NAME = "$(TARGET_NAME)";
				PROVISIONING_PROFILE_SPECIFIER = "";
				SWIFT_VERSION = 5.0;
			};
			name = Release;
		};
		5BEE21AA29E607FC0012A4DD /* Debug */ = {
			isa = XCBuildConfiguration;
			baseConfigurationReference = 5BB80D4829E9EF6600186827 /* Config.xcconfig */;
			buildSettings = {
				ALWAYS_SEARCH_USER_PATHS = NO;
				CLANG_ANALYZER_LOCALIZABILITY_NONLOCALIZED = YES;
				CLANG_ANALYZER_NONNULL = YES;
				CLANG_ANALYZER_NUMBER_OBJECT_CONVERSION = YES_AGGRESSIVE;
				CLANG_CXX_LANGUAGE_STANDARD = "gnu++20";
				CLANG_ENABLE_MODULES = YES;
				CLANG_ENABLE_OBJC_ARC = YES;
				CLANG_ENABLE_OBJC_WEAK = YES;
				CLANG_WARN_BLOCK_CAPTURE_AUTORELEASING = YES;
				CLANG_WARN_BOOL_CONVERSION = YES;
				CLANG_WARN_COMMA = YES;
				CLANG_WARN_CONSTANT_CONVERSION = YES;
				CLANG_WARN_DEPRECATED_OBJC_IMPLEMENTATIONS = YES;
				CLANG_WARN_DIRECT_OBJC_ISA_USAGE = YES_ERROR;
				CLANG_WARN_DOCUMENTATION_COMMENTS = YES;
				CLANG_WARN_EMPTY_BODY = YES;
				CLANG_WARN_ENUM_CONVERSION = YES;
				CLANG_WARN_INFINITE_RECURSION = YES;
				CLANG_WARN_INT_CONVERSION = YES;
				CLANG_WARN_NON_LITERAL_NULL_CONVERSION = YES;
				CLANG_WARN_OBJC_IMPLICIT_RETAIN_SELF = YES;
				CLANG_WARN_OBJC_LITERAL_CONVERSION = YES;
				CLANG_WARN_OBJC_ROOT_CLASS = YES_ERROR;
				CLANG_WARN_QUOTED_INCLUDE_IN_FRAMEWORK_HEADER = YES;
				CLANG_WARN_RANGE_LOOP_ANALYSIS = YES;
				CLANG_WARN_STRICT_PROTOTYPES = YES;
				CLANG_WARN_SUSPICIOUS_MOVE = YES;
				CLANG_WARN_UNGUARDED_AVAILABILITY = YES_AGGRESSIVE;
				CLANG_WARN_UNREACHABLE_CODE = YES;
				CLANG_WARN__DUPLICATE_METHOD_MATCH = YES;
				COPY_PHASE_STRIP = NO;
				DEAD_CODE_STRIPPING = YES;
				DEBUG_INFORMATION_FORMAT = dwarf;
				ENABLE_STRICT_OBJC_MSGSEND = YES;
				ENABLE_TESTABILITY = YES;
				GCC_C_LANGUAGE_STANDARD = gnu11;
				GCC_DYNAMIC_NO_PIC = NO;
				GCC_NO_COMMON_BLOCKS = YES;
				GCC_OPTIMIZATION_LEVEL = 0;
				GCC_PREPROCESSOR_DEFINITIONS = (
					"DEBUG=1",
					"$(inherited)",
				);
				GCC_WARN_64_TO_32_BIT_CONVERSION = YES;
				GCC_WARN_ABOUT_RETURN_TYPE = YES_ERROR;
				GCC_WARN_UNDECLARED_SELECTOR = YES;
				GCC_WARN_UNINITIALIZED_AUTOS = YES_AGGRESSIVE;
				GCC_WARN_UNUSED_FUNCTION = YES;
				GCC_WARN_UNUSED_VARIABLE = YES;
				MACOSX_DEPLOYMENT_TARGET = 13.3;
				MTL_ENABLE_DEBUG_INFO = INCLUDE_SOURCE;
				MTL_FAST_MATH = YES;
				ONLY_ACTIVE_ARCH = YES;
				SDKROOT = macosx;
				SWIFT_ACTIVE_COMPILATION_CONDITIONS = DEBUG;
				SWIFT_OPTIMIZATION_LEVEL = "-Onone";
			};
			name = Debug;
		};
		5BEE21AB29E607FC0012A4DD /* Release */ = {
			isa = XCBuildConfiguration;
			baseConfigurationReference = 5BB80D4829E9EF6600186827 /* Config.xcconfig */;
			buildSettings = {
				ALWAYS_SEARCH_USER_PATHS = NO;
				CLANG_ANALYZER_LOCALIZABILITY_NONLOCALIZED = YES;
				CLANG_ANALYZER_NONNULL = YES;
				CLANG_ANALYZER_NUMBER_OBJECT_CONVERSION = YES_AGGRESSIVE;
				CLANG_CXX_LANGUAGE_STANDARD = "gnu++20";
				CLANG_ENABLE_MODULES = YES;
				CLANG_ENABLE_OBJC_ARC = YES;
				CLANG_ENABLE_OBJC_WEAK = YES;
				CLANG_WARN_BLOCK_CAPTURE_AUTORELEASING = YES;
				CLANG_WARN_BOOL_CONVERSION = YES;
				CLANG_WARN_COMMA = YES;
				CLANG_WARN_CONSTANT_CONVERSION = YES;
				CLANG_WARN_DEPRECATED_OBJC_IMPLEMENTATIONS = YES;
				CLANG_WARN_DIRECT_OBJC_ISA_USAGE = YES_ERROR;
				CLANG_WARN_DOCUMENTATION_COMMENTS = YES;
				CLANG_WARN_EMPTY_BODY = YES;
				CLANG_WARN_ENUM_CONVERSION = YES;
				CLANG_WARN_INFINITE_RECURSION = YES;
				CLANG_WARN_INT_CONVERSION = YES;
				CLANG_WARN_NON_LITERAL_NULL_CONVERSION = YES;
				CLANG_WARN_OBJC_IMPLICIT_RETAIN_SELF = YES;
				CLANG_WARN_OBJC_LITERAL_CONVERSION = YES;
				CLANG_WARN_OBJC_ROOT_CLASS = YES_ERROR;
				CLANG_WARN_QUOTED_INCLUDE_IN_FRAMEWORK_HEADER = YES;
				CLANG_WARN_RANGE_LOOP_ANALYSIS = YES;
				CLANG_WARN_STRICT_PROTOTYPES = YES;
				CLANG_WARN_SUSPICIOUS_MOVE = YES;
				CLANG_WARN_UNGUARDED_AVAILABILITY = YES_AGGRESSIVE;
				CLANG_WARN_UNREACHABLE_CODE = YES;
				CLANG_WARN__DUPLICATE_METHOD_MATCH = YES;
				COPY_PHASE_STRIP = NO;
				DEAD_CODE_STRIPPING = YES;
				DEBUG_INFORMATION_FORMAT = "dwarf-with-dsym";
				ENABLE_NS_ASSERTIONS = NO;
				ENABLE_STRICT_OBJC_MSGSEND = YES;
				GCC_C_LANGUAGE_STANDARD = gnu11;
				GCC_NO_COMMON_BLOCKS = YES;
				GCC_WARN_64_TO_32_BIT_CONVERSION = YES;
				GCC_WARN_ABOUT_RETURN_TYPE = YES_ERROR;
				GCC_WARN_UNDECLARED_SELECTOR = YES;
				GCC_WARN_UNINITIALIZED_AUTOS = YES_AGGRESSIVE;
				GCC_WARN_UNUSED_FUNCTION = YES;
				GCC_WARN_UNUSED_VARIABLE = YES;
				MACOSX_DEPLOYMENT_TARGET = 13.3;
				MTL_ENABLE_DEBUG_INFO = NO;
				MTL_FAST_MATH = YES;
				SDKROOT = macosx;
				SWIFT_COMPILATION_MODE = wholemodule;
				SWIFT_OPTIMIZATION_LEVEL = "-O";
			};
			name = Release;
		};
		5BEE21AD29E607FC0012A4DD /* Debug */ = {
			isa = XCBuildConfiguration;
			baseConfigurationReference = 5B3C14C929EB431600746A53 /* AppConfig.xcconfig */;
			buildSettings = {
				ARCHS = arm64;
				ASSETCATALOG_COMPILER_APPICON_NAME = AppIcon;
				ASSETCATALOG_COMPILER_GLOBAL_ACCENT_COLOR_NAME = AccentColor;
				CODE_SIGN_STYLE = Automatic;
				COMBINE_HIDPI_IMAGES = YES;
				CURRENT_PROJECT_VERSION = "$(BUILD_NUMBER)";
				DEAD_CODE_STRIPPING = YES;
				DEVELOPMENT_TEAM = YL78V8PY6H;
				ENABLE_HARDENED_RUNTIME = YES;
				ENABLE_PREVIEWS = YES;
				EXCLUDED_ARCHS = "";
				GCC_PREPROCESSOR_DEFINITIONS = "$(inherited)";
				GENERATE_INFOPLIST_FILE = YES;
				INFOPLIST_KEY_LSApplicationCategoryType = "public.app-category.utilities";
				INFOPLIST_KEY_LSUIElement = YES;
				INFOPLIST_KEY_NSHumanReadableCopyright = "";
				INFOPLIST_KEY_NSPrincipalClass = SentryCrashExceptionApplication;
				INFOPLIST_KEY_UILaunchStoryboardName = MainMenu.xib;
				LD_RUNPATH_SEARCH_PATHS = (
					"$(inherited)",
					"@executable_path/../Frameworks",
				);
				MACOSX_DEPLOYMENT_TARGET = 13.0;
				MARKETING_VERSION = $APP_VERSION;
				PRODUCT_BUNDLE_IDENTIFIER = "$(APP_BUNDLE_IDENTIFIER)";
				PRODUCT_NAME = "$(TARGET_NAME)";
				SWIFT_ACTIVE_COMPILATION_CONDITIONS = "$(inherited)";
				SWIFT_EMIT_LOC_STRINGS = YES;
				SWIFT_VERSION = 5.0;
			};
			name = Debug;
		};
		5BEE21AE29E607FC0012A4DD /* Release */ = {
			isa = XCBuildConfiguration;
			baseConfigurationReference = 5B3C14C929EB431600746A53 /* AppConfig.xcconfig */;
			buildSettings = {
				ARCHS = arm64;
				ASSETCATALOG_COMPILER_APPICON_NAME = AppIcon;
				ASSETCATALOG_COMPILER_GLOBAL_ACCENT_COLOR_NAME = AccentColor;
				CODE_SIGN_STYLE = Automatic;
				COMBINE_HIDPI_IMAGES = YES;
				CURRENT_PROJECT_VERSION = "$(BUILD_NUMBER)";
				DEAD_CODE_STRIPPING = YES;
				DEVELOPMENT_TEAM = YL78V8PY6H;
				ENABLE_HARDENED_RUNTIME = YES;
				ENABLE_PREVIEWS = YES;
				EXCLUDED_ARCHS = "";
				GCC_PREPROCESSOR_DEFINITIONS = "";
				GENERATE_INFOPLIST_FILE = YES;
				INFOPLIST_KEY_LSApplicationCategoryType = "public.app-category.utilities";
				INFOPLIST_KEY_LSUIElement = YES;
				INFOPLIST_KEY_NSHumanReadableCopyright = "";
				INFOPLIST_KEY_NSPrincipalClass = SentryCrashExceptionApplication;
				INFOPLIST_KEY_UILaunchStoryboardName = MainMenu.xib;
				LD_RUNPATH_SEARCH_PATHS = (
					"$(inherited)",
					"@executable_path/../Frameworks",
				);
				MACOSX_DEPLOYMENT_TARGET = 13.0;
				MARKETING_VERSION = $APP_VERSION;
				PRODUCT_BUNDLE_IDENTIFIER = "$(APP_BUNDLE_IDENTIFIER)";
				PRODUCT_NAME = "$(TARGET_NAME)";
				SWIFT_ACTIVE_COMPILATION_CONDITIONS = "$(inherited)";
				SWIFT_EMIT_LOC_STRINGS = YES;
				SWIFT_VERSION = 5.0;
			};
			name = Release;
		};
		665BCFC52BBF486F00200F08 /* Beta */ = {
			isa = XCBuildConfiguration;
			baseConfigurationReference = 5BB80D4829E9EF6600186827 /* Config.xcconfig */;
			buildSettings = {
				ALWAYS_SEARCH_USER_PATHS = NO;
				CLANG_ANALYZER_LOCALIZABILITY_NONLOCALIZED = YES;
				CLANG_ANALYZER_NONNULL = YES;
				CLANG_ANALYZER_NUMBER_OBJECT_CONVERSION = YES_AGGRESSIVE;
				CLANG_CXX_LANGUAGE_STANDARD = "gnu++20";
				CLANG_ENABLE_MODULES = YES;
				CLANG_ENABLE_OBJC_ARC = YES;
				CLANG_ENABLE_OBJC_WEAK = YES;
				CLANG_WARN_BLOCK_CAPTURE_AUTORELEASING = YES;
				CLANG_WARN_BOOL_CONVERSION = YES;
				CLANG_WARN_COMMA = YES;
				CLANG_WARN_CONSTANT_CONVERSION = YES;
				CLANG_WARN_DEPRECATED_OBJC_IMPLEMENTATIONS = YES;
				CLANG_WARN_DIRECT_OBJC_ISA_USAGE = YES_ERROR;
				CLANG_WARN_DOCUMENTATION_COMMENTS = YES;
				CLANG_WARN_EMPTY_BODY = YES;
				CLANG_WARN_ENUM_CONVERSION = YES;
				CLANG_WARN_INFINITE_RECURSION = YES;
				CLANG_WARN_INT_CONVERSION = YES;
				CLANG_WARN_NON_LITERAL_NULL_CONVERSION = YES;
				CLANG_WARN_OBJC_IMPLICIT_RETAIN_SELF = YES;
				CLANG_WARN_OBJC_LITERAL_CONVERSION = YES;
				CLANG_WARN_OBJC_ROOT_CLASS = YES_ERROR;
				CLANG_WARN_QUOTED_INCLUDE_IN_FRAMEWORK_HEADER = YES;
				CLANG_WARN_RANGE_LOOP_ANALYSIS = YES;
				CLANG_WARN_STRICT_PROTOTYPES = YES;
				CLANG_WARN_SUSPICIOUS_MOVE = YES;
				CLANG_WARN_UNGUARDED_AVAILABILITY = YES_AGGRESSIVE;
				CLANG_WARN_UNREACHABLE_CODE = YES;
				CLANG_WARN__DUPLICATE_METHOD_MATCH = YES;
				COPY_PHASE_STRIP = NO;
				DEAD_CODE_STRIPPING = YES;
				DEBUG_INFORMATION_FORMAT = "dwarf-with-dsym";
				ENABLE_NS_ASSERTIONS = NO;
				ENABLE_STRICT_OBJC_MSGSEND = YES;
				GCC_C_LANGUAGE_STANDARD = gnu11;
				GCC_NO_COMMON_BLOCKS = YES;
				GCC_WARN_64_TO_32_BIT_CONVERSION = YES;
				GCC_WARN_ABOUT_RETURN_TYPE = YES_ERROR;
				GCC_WARN_UNDECLARED_SELECTOR = YES;
				GCC_WARN_UNINITIALIZED_AUTOS = YES_AGGRESSIVE;
				GCC_WARN_UNUSED_FUNCTION = YES;
				GCC_WARN_UNUSED_VARIABLE = YES;
				MACOSX_DEPLOYMENT_TARGET = 13.3;
				MTL_ENABLE_DEBUG_INFO = NO;
				MTL_FAST_MATH = YES;
				SDKROOT = macosx;
				SWIFT_COMPILATION_MODE = wholemodule;
				SWIFT_OPTIMIZATION_LEVEL = "-O";
			};
			name = Beta;
		};
		665BCFC62BBF486F00200F08 /* Beta */ = {
			isa = XCBuildConfiguration;
			baseConfigurationReference = 66265D6C2D68B50A00B568E1 /* BetaConfig.xcconfig */;
			buildSettings = {
				ARCHS = arm64;
				ASSETCATALOG_COMPILER_APPICON_NAME = AppIcon;
				ASSETCATALOG_COMPILER_GLOBAL_ACCENT_COLOR_NAME = AccentColor;
				CODE_SIGN_STYLE = Automatic;
				COMBINE_HIDPI_IMAGES = YES;
				CURRENT_PROJECT_VERSION = "$(BUILD_NUMBER)";
				DEAD_CODE_STRIPPING = YES;
				DEVELOPMENT_TEAM = YL78V8PY6H;
				ENABLE_HARDENED_RUNTIME = YES;
				ENABLE_PREVIEWS = YES;
				EXCLUDED_ARCHS = "";
				GCC_PREPROCESSOR_DEFINITIONS = "";
				GENERATE_INFOPLIST_FILE = YES;
				INFOPLIST_KEY_LSApplicationCategoryType = "public.app-category.utilities";
				INFOPLIST_KEY_LSUIElement = YES;
				INFOPLIST_KEY_NSHumanReadableCopyright = "";
				INFOPLIST_KEY_NSPrincipalClass = SentryCrashExceptionApplication;
				INFOPLIST_KEY_UILaunchStoryboardName = MainMenu.xib;
				LD_RUNPATH_SEARCH_PATHS = (
					"$(inherited)",
					"@executable_path/../Frameworks",
				);
				MACOSX_DEPLOYMENT_TARGET = 13.0;
				MARKETING_VERSION = $APP_VERSION;
				PRODUCT_BUNDLE_IDENTIFIER = "$(APP_BUNDLE_IDENTIFIER)";
				PRODUCT_NAME = "$(TARGET_NAME)";
				SWIFT_ACTIVE_COMPILATION_CONDITIONS = "$(inherited)";
				SWIFT_EMIT_LOC_STRINGS = YES;
				SWIFT_VERSION = 5.0;
			};
			name = Beta;
		};
		665BCFC72BBF486F00200F08 /* Beta */ = {
			isa = XCBuildConfiguration;
			baseConfigurationReference = 5B11DE0C29EB6667007A993C /* HelperConfig.xcconfig */;
			buildSettings = {
				ARCHS = arm64;
				CODE_SIGN_IDENTITY = "Apple Development";
				CODE_SIGN_STYLE = Automatic;
				CURRENT_PROJECT_VERSION = 49;
				DEAD_CODE_STRIPPING = YES;
				DEVELOPMENT_TEAM = YL78V8PY6H;
				ENABLE_HARDENED_RUNTIME = YES;
				MARKETING_VERSION = $APP_VERSION;
				PRODUCT_NAME = "$(TARGET_NAME)";
				PROVISIONING_PROFILE_SPECIFIER = "";
				SWIFT_VERSION = 5.0;
			};
			name = Beta;
		};
		66CF843B2BC6D4A6003C51B8 /* Debug */ = {
			isa = XCBuildConfiguration;
			buildSettings = {
				ASSETCATALOG_COMPILER_APPICON_NAME = AppIcon;
				ASSETCATALOG_COMPILER_GENERATE_SWIFT_ASSET_SYMBOL_EXTENSIONS = YES;
				ASSETCATALOG_COMPILER_GLOBAL_ACCENT_COLOR_NAME = AccentColor;
				CODE_SIGN_ENTITLEMENTS = Previews/Previews.entitlements;
				CODE_SIGN_STYLE = Automatic;
				COMBINE_HIDPI_IMAGES = YES;
				CURRENT_PROJECT_VERSION = 1;
				DEVELOPMENT_ASSET_PATHS = "\"Previews/Preview Content\"";
				DEVELOPMENT_TEAM = YL78V8PY6H;
				ENABLE_HARDENED_RUNTIME = YES;
				ENABLE_PREVIEWS = YES;
				ENABLE_USER_SCRIPT_SANDBOXING = YES;
				GCC_C_LANGUAGE_STANDARD = gnu17;
				GENERATE_INFOPLIST_FILE = YES;
				INFOPLIST_KEY_NSHumanReadableCopyright = "";
				LD_RUNPATH_SEARCH_PATHS = (
					"$(inherited)",
					"@executable_path/../Frameworks",
				);
				LOCALIZATION_PREFERS_STRING_CATALOGS = YES;
				MACOSX_DEPLOYMENT_TARGET = 14.4;
				MARKETING_VERSION = 1.0;
				PRODUCT_BUNDLE_IDENTIFIER = software.micropixels.BatFi.Previews;
				PRODUCT_NAME = "$(TARGET_NAME)";
				SWIFT_ACTIVE_COMPILATION_CONDITIONS = "DEBUG $(inherited)";
				SWIFT_EMIT_LOC_STRINGS = YES;
				SWIFT_VERSION = 5.0;
			};
			name = Debug;
		};
		66CF843C2BC6D4A6003C51B8 /* Release */ = {
			isa = XCBuildConfiguration;
			buildSettings = {
				ASSETCATALOG_COMPILER_APPICON_NAME = AppIcon;
				ASSETCATALOG_COMPILER_GENERATE_SWIFT_ASSET_SYMBOL_EXTENSIONS = YES;
				ASSETCATALOG_COMPILER_GLOBAL_ACCENT_COLOR_NAME = AccentColor;
				CODE_SIGN_ENTITLEMENTS = Previews/Previews.entitlements;
				CODE_SIGN_STYLE = Automatic;
				COMBINE_HIDPI_IMAGES = YES;
				CURRENT_PROJECT_VERSION = 1;
				DEVELOPMENT_ASSET_PATHS = "\"Previews/Preview Content\"";
				DEVELOPMENT_TEAM = YL78V8PY6H;
				ENABLE_HARDENED_RUNTIME = YES;
				ENABLE_PREVIEWS = YES;
				ENABLE_USER_SCRIPT_SANDBOXING = YES;
				GCC_C_LANGUAGE_STANDARD = gnu17;
				GENERATE_INFOPLIST_FILE = YES;
				INFOPLIST_KEY_NSHumanReadableCopyright = "";
				LD_RUNPATH_SEARCH_PATHS = (
					"$(inherited)",
					"@executable_path/../Frameworks",
				);
				LOCALIZATION_PREFERS_STRING_CATALOGS = YES;
				MACOSX_DEPLOYMENT_TARGET = 14.4;
				MARKETING_VERSION = 1.0;
				PRODUCT_BUNDLE_IDENTIFIER = software.micropixels.BatFi.Previews;
				PRODUCT_NAME = "$(TARGET_NAME)";
				SWIFT_EMIT_LOC_STRINGS = YES;
				SWIFT_VERSION = 5.0;
			};
			name = Release;
		};
		66CF843D2BC6D4A6003C51B8 /* Beta */ = {
			isa = XCBuildConfiguration;
			buildSettings = {
				ASSETCATALOG_COMPILER_APPICON_NAME = AppIcon;
				ASSETCATALOG_COMPILER_GENERATE_SWIFT_ASSET_SYMBOL_EXTENSIONS = YES;
				ASSETCATALOG_COMPILER_GLOBAL_ACCENT_COLOR_NAME = AccentColor;
				CODE_SIGN_ENTITLEMENTS = Previews/Previews.entitlements;
				CODE_SIGN_STYLE = Automatic;
				COMBINE_HIDPI_IMAGES = YES;
				CURRENT_PROJECT_VERSION = 1;
				DEVELOPMENT_ASSET_PATHS = "\"Previews/Preview Content\"";
				DEVELOPMENT_TEAM = YL78V8PY6H;
				ENABLE_HARDENED_RUNTIME = YES;
				ENABLE_PREVIEWS = YES;
				ENABLE_USER_SCRIPT_SANDBOXING = YES;
				GCC_C_LANGUAGE_STANDARD = gnu17;
				GENERATE_INFOPLIST_FILE = YES;
				INFOPLIST_KEY_NSHumanReadableCopyright = "";
				LD_RUNPATH_SEARCH_PATHS = (
					"$(inherited)",
					"@executable_path/../Frameworks",
				);
				LOCALIZATION_PREFERS_STRING_CATALOGS = YES;
				MACOSX_DEPLOYMENT_TARGET = 14.4;
				MARKETING_VERSION = 1.0;
				PRODUCT_BUNDLE_IDENTIFIER = software.micropixels.BatFi.Previews;
				PRODUCT_NAME = "$(TARGET_NAME)";
				SWIFT_EMIT_LOC_STRINGS = YES;
				SWIFT_VERSION = 5.0;
			};
			name = Beta;
		};
/* End XCBuildConfiguration section */

/* Begin XCConfigurationList section */
		5B11DE0929EB6641007A993C /* Build configuration list for PBXNativeTarget "Helper" */ = {
			isa = XCConfigurationList;
			buildConfigurations = (
				5B11DE0A29EB6641007A993C /* Debug */,
				5B11DE0B29EB6641007A993C /* Release */,
				665BCFC72BBF486F00200F08 /* Beta */,
			);
			defaultConfigurationIsVisible = 0;
			defaultConfigurationName = Release;
		};
		5BEE218229E607FB0012A4DD /* Build configuration list for PBXProject "BatFi" */ = {
			isa = XCConfigurationList;
			buildConfigurations = (
				5BEE21AA29E607FC0012A4DD /* Debug */,
				5BEE21AB29E607FC0012A4DD /* Release */,
				665BCFC52BBF486F00200F08 /* Beta */,
			);
			defaultConfigurationIsVisible = 0;
			defaultConfigurationName = Release;
		};
		5BEE21AC29E607FC0012A4DD /* Build configuration list for PBXNativeTarget "BatFi" */ = {
			isa = XCConfigurationList;
			buildConfigurations = (
				5BEE21AD29E607FC0012A4DD /* Debug */,
				5BEE21AE29E607FC0012A4DD /* Release */,
				665BCFC62BBF486F00200F08 /* Beta */,
			);
			defaultConfigurationIsVisible = 0;
			defaultConfigurationName = Release;
		};
		66CF843A2BC6D4A6003C51B8 /* Build configuration list for PBXNativeTarget "Previews" */ = {
			isa = XCConfigurationList;
			buildConfigurations = (
				66CF843B2BC6D4A6003C51B8 /* Debug */,
				66CF843C2BC6D4A6003C51B8 /* Release */,
				66CF843D2BC6D4A6003C51B8 /* Beta */,
			);
			defaultConfigurationIsVisible = 0;
			defaultConfigurationName = Release;
		};
/* End XCConfigurationList section */

/* Begin XCSwiftPackageProductDependency section */
		5B40B12F2A01BBAA00A79785 /* Server */ = {
			isa = XCSwiftPackageProductDependency;
			productName = Server;
		};
		5B40B1312A01BBB800A79785 /* App */ = {
			isa = XCSwiftPackageProductDependency;
			productName = App;
		};
		66CF843E2BC6D4B3003C51B8 /* BatteryIndicator */ = {
			isa = XCSwiftPackageProductDependency;
			productName = BatteryIndicator;
		};
/* End XCSwiftPackageProductDependency section */
	};
	rootObject = 5BEE217F29E607FB0012A4DD /* Project object */;
}
