// !$*UTF8*$!
{
	archiveVersion = 1;
	classes = {
	};
	objectVersion = 56;
	objects = {

/* Begin PBXBuildFile section */
		5BB80D4129E9A2B200186827 /* BatFi Helper in Embed Helper Tool */ = {isa = PBXBuildFile; fileRef = 5BCD532129E7695A00CE0319 /* BatFi Helper */; settings = {ATTRIBUTES = (CodeSignOnCopy, ); }; };
		5BB80D4529E9A4A100186827 /* software.micropixels.BatFi.helper.plist in Copy Helper Property List */ = {isa = PBXBuildFile; fileRef = 5BB80D4229E9A32B00186827 /* software.micropixels.BatFi.helper.plist */; };
		5BCD532429E7695A00CE0319 /* main.swift in Sources */ = {isa = PBXBuildFile; fileRef = 5BCD532329E7695A00CE0319 /* main.swift */; };
		5BEE218B29E607FB0012A4DD /* BatFiApp.swift in Sources */ = {isa = PBXBuildFile; fileRef = 5BEE218A29E607FB0012A4DD /* BatFiApp.swift */; };
		5BEE218F29E607FC0012A4DD /* Assets.xcassets in Resources */ = {isa = PBXBuildFile; fileRef = 5BEE218E29E607FC0012A4DD /* Assets.xcassets */; };
		5BEE219229E607FC0012A4DD /* Preview Assets.xcassets in Resources */ = {isa = PBXBuildFile; fileRef = 5BEE219129E607FC0012A4DD /* Preview Assets.xcassets */; };
		5BEE21B729E612C00012A4DD /* ServiceManagement.framework in Frameworks */ = {isa = PBXBuildFile; fileRef = 5BEE21B629E612C00012A4DD /* ServiceManagement.framework */; };
/* End PBXBuildFile section */

/* Begin PBXContainerItemProxy section */
		5BB80D3E29E9A27400186827 /* PBXContainerItemProxy */ = {
			isa = PBXContainerItemProxy;
			containerPortal = 5BEE217F29E607FB0012A4DD /* Project object */;
			proxyType = 1;
			remoteGlobalIDString = 5BCD532029E7695A00CE0319;
			remoteInfo = "BatFi Helper";
		};
/* End PBXContainerItemProxy section */

/* Begin PBXCopyFilesBuildPhase section */
		5BB80D4029E9A28900186827 /* Embed Helper Tool */ = {
			isa = PBXCopyFilesBuildPhase;
			buildActionMask = 2147483647;
			dstPath = "";
			dstSubfolderSpec = 6;
			files = (
				5BB80D4129E9A2B200186827 /* BatFi Helper in Embed Helper Tool */,
			);
			name = "Embed Helper Tool";
			runOnlyForDeploymentPostprocessing = 0;
		};
		5BB80D4429E9A3A400186827 /* Copy Helper Property List */ = {
			isa = PBXCopyFilesBuildPhase;
			buildActionMask = 2147483647;
			dstPath = Contents/Library/LaunchDaemons;
			dstSubfolderSpec = 1;
			files = (
				5BB80D4529E9A4A100186827 /* software.micropixels.BatFi.helper.plist in Copy Helper Property List */,
			);
			name = "Copy Helper Property List";
			runOnlyForDeploymentPostprocessing = 0;
		};
		5BCD531F29E7695A00CE0319 /* CopyFiles */ = {
			isa = PBXCopyFilesBuildPhase;
			buildActionMask = 2147483647;
			dstPath = /usr/share/man/man1/;
			dstSubfolderSpec = 0;
			files = (
			);
			runOnlyForDeploymentPostprocessing = 1;
		};
/* End PBXCopyFilesBuildPhase section */

/* Begin PBXFileReference section */
		5BB80D4229E9A32B00186827 /* software.micropixels.BatFi.helper.plist */ = {isa = PBXFileReference; lastKnownFileType = text.plist.xml; path = software.micropixels.BatFi.helper.plist; sourceTree = "<group>"; };
		5BCD532129E7695A00CE0319 /* BatFi Helper */ = {isa = PBXFileReference; explicitFileType = "compiled.mach-o.executable"; includeInIndex = 0; path = "BatFi Helper"; sourceTree = BUILT_PRODUCTS_DIR; };
		5BCD532329E7695A00CE0319 /* main.swift */ = {isa = PBXFileReference; lastKnownFileType = sourcecode.swift; path = main.swift; sourceTree = "<group>"; };
		5BEE218729E607FB0012A4DD /* BatFi.app */ = {isa = PBXFileReference; explicitFileType = wrapper.application; includeInIndex = 0; path = BatFi.app; sourceTree = BUILT_PRODUCTS_DIR; };
		5BEE218A29E607FB0012A4DD /* BatFiApp.swift */ = {isa = PBXFileReference; lastKnownFileType = sourcecode.swift; path = BatFiApp.swift; sourceTree = "<group>"; };
		5BEE218E29E607FC0012A4DD /* Assets.xcassets */ = {isa = PBXFileReference; lastKnownFileType = folder.assetcatalog; path = Assets.xcassets; sourceTree = "<group>"; };
		5BEE219129E607FC0012A4DD /* Preview Assets.xcassets */ = {isa = PBXFileReference; lastKnownFileType = folder.assetcatalog; path = "Preview Assets.xcassets"; sourceTree = "<group>"; };
		5BEE21B629E612C00012A4DD /* ServiceManagement.framework */ = {isa = PBXFileReference; lastKnownFileType = wrapper.framework; name = ServiceManagement.framework; path = System/Library/Frameworks/ServiceManagement.framework; sourceTree = SDKROOT; };
/* End PBXFileReference section */

/* Begin PBXFrameworksBuildPhase section */
		5BCD531E29E7695A00CE0319 /* Frameworks */ = {
			isa = PBXFrameworksBuildPhase;
			buildActionMask = 2147483647;
			files = (
			);
			runOnlyForDeploymentPostprocessing = 0;
		};
		5BEE218429E607FB0012A4DD /* Frameworks */ = {
			isa = PBXFrameworksBuildPhase;
			buildActionMask = 2147483647;
			files = (
				5BEE21B729E612C00012A4DD /* ServiceManagement.framework in Frameworks */,
			);
			runOnlyForDeploymentPostprocessing = 0;
		};
/* End PBXFrameworksBuildPhase section */

/* Begin PBXGroup section */
		5BCD532229E7695A00CE0319 /* BatFi Helper */ = {
			isa = PBXGroup;
			children = (
				5BCD532329E7695A00CE0319 /* main.swift */,
			);
			path = "BatFi Helper";
			sourceTree = "<group>";
		};
		5BEE217E29E607FB0012A4DD = {
			isa = PBXGroup;
			children = (
				5BEE218929E607FB0012A4DD /* BatFi */,
				5BCD532229E7695A00CE0319 /* BatFi Helper */,
				5BEE218829E607FB0012A4DD /* Products */,
				5BEE21B529E612C00012A4DD /* Frameworks */,
			);
			sourceTree = "<group>";
		};
		5BEE218829E607FB0012A4DD /* Products */ = {
			isa = PBXGroup;
			children = (
				5BEE218729E607FB0012A4DD /* BatFi.app */,
				5BCD532129E7695A00CE0319 /* BatFi Helper */,
			);
			name = Products;
			sourceTree = "<group>";
		};
		5BEE218929E607FB0012A4DD /* BatFi */ = {
			isa = PBXGroup;
			children = (
				5BEE218A29E607FB0012A4DD /* BatFiApp.swift */,
				5BB80D4229E9A32B00186827 /* software.micropixels.BatFi.helper.plist */,
				5BEE218E29E607FC0012A4DD /* Assets.xcassets */,
				5BEE219029E607FC0012A4DD /* Preview Content */,
			);
			path = BatFi;
			sourceTree = "<group>";
		};
		5BEE219029E607FC0012A4DD /* Preview Content */ = {
			isa = PBXGroup;
			children = (
				5BEE219129E607FC0012A4DD /* Preview Assets.xcassets */,
			);
			path = "Preview Content";
			sourceTree = "<group>";
		};
		5BEE21B529E612C00012A4DD /* Frameworks */ = {
			isa = PBXGroup;
			children = (
				5BEE21B629E612C00012A4DD /* ServiceManagement.framework */,
			);
			name = Frameworks;
			sourceTree = "<group>";
		};
/* End PBXGroup section */

/* Begin PBXNativeTarget section */
		5BCD532029E7695A00CE0319 /* BatFi Helper */ = {
			isa = PBXNativeTarget;
			buildConfigurationList = 5BCD532529E7695A00CE0319 /* Build configuration list for PBXNativeTarget "BatFi Helper" */;
			buildPhases = (
				5BCD531D29E7695A00CE0319 /* Sources */,
				5BCD531E29E7695A00CE0319 /* Frameworks */,
				5BCD531F29E7695A00CE0319 /* CopyFiles */,
			);
			buildRules = (
			);
			dependencies = (
			);
			name = "BatFi Helper";
			productName = "BatFi Helper";
			productReference = 5BCD532129E7695A00CE0319 /* BatFi Helper */;
			productType = "com.apple.product-type.tool";
		};
		5BEE218629E607FB0012A4DD /* BatFi */ = {
			isa = PBXNativeTarget;
			buildConfigurationList = 5BEE21AC29E607FC0012A4DD /* Build configuration list for PBXNativeTarget "BatFi" */;
			buildPhases = (
				5BEE218329E607FB0012A4DD /* Sources */,
				5BEE218429E607FB0012A4DD /* Frameworks */,
				5BEE218529E607FB0012A4DD /* Resources */,
				5BB80D4029E9A28900186827 /* Embed Helper Tool */,
				5BB80D4429E9A3A400186827 /* Copy Helper Property List */,
			);
			buildRules = (
			);
			dependencies = (
				5BB80D3F29E9A27400186827 /* PBXTargetDependency */,
			);
			name = BatFi;
			productName = BatFi;
			productReference = 5BEE218729E607FB0012A4DD /* BatFi.app */;
			productType = "com.apple.product-type.application";
		};
/* End PBXNativeTarget section */

/* Begin PBXProject section */
		5BEE217F29E607FB0012A4DD /* Project object */ = {
			isa = PBXProject;
			attributes = {
				BuildIndependentTargetsInParallel = 1;
				LastSwiftUpdateCheck = 1430;
				LastUpgradeCheck = 1430;
				TargetAttributes = {
					5BCD532029E7695A00CE0319 = {
						CreatedOnToolsVersion = 14.3;
					};
					5BEE218629E607FB0012A4DD = {
						CreatedOnToolsVersion = 14.3;
					};
				};
			};
			buildConfigurationList = 5BEE218229E607FB0012A4DD /* Build configuration list for PBXProject "BatFi" */;
			compatibilityVersion = "Xcode 14.0";
			developmentRegion = en;
			hasScannedForEncodings = 0;
			knownRegions = (
				en,
				Base,
			);
			mainGroup = 5BEE217E29E607FB0012A4DD;
			productRefGroup = 5BEE218829E607FB0012A4DD /* Products */;
			projectDirPath = "";
			projectRoot = "";
			targets = (
				5BEE218629E607FB0012A4DD /* BatFi */,
				5BCD532029E7695A00CE0319 /* BatFi Helper */,
			);
		};
/* End PBXProject section */

/* Begin PBXResourcesBuildPhase section */
		5BEE218529E607FB0012A4DD /* Resources */ = {
			isa = PBXResourcesBuildPhase;
			buildActionMask = 2147483647;
			files = (
				5BEE219229E607FC0012A4DD /* Preview Assets.xcassets in Resources */,
				5BEE218F29E607FC0012A4DD /* Assets.xcassets in Resources */,
			);
			runOnlyForDeploymentPostprocessing = 0;
		};
/* End PBXResourcesBuildPhase section */

/* Begin PBXSourcesBuildPhase section */
		5BCD531D29E7695A00CE0319 /* Sources */ = {
			isa = PBXSourcesBuildPhase;
			buildActionMask = 2147483647;
			files = (
				5BCD532429E7695A00CE0319 /* main.swift in Sources */,
			);
			runOnlyForDeploymentPostprocessing = 0;
		};
		5BEE218329E607FB0012A4DD /* Sources */ = {
			isa = PBXSourcesBuildPhase;
			buildActionMask = 2147483647;
			files = (
				5BEE218B29E607FB0012A4DD /* BatFiApp.swift in Sources */,
			);
			runOnlyForDeploymentPostprocessing = 0;
		};
/* End PBXSourcesBuildPhase section */

/* Begin PBXTargetDependency section */
		5BB80D3F29E9A27400186827 /* PBXTargetDependency */ = {
			isa = PBXTargetDependency;
			target = 5BCD532029E7695A00CE0319 /* BatFi Helper */;
			targetProxy = 5BB80D3E29E9A27400186827 /* PBXContainerItemProxy */;
		};
/* End PBXTargetDependency section */

/* Begin XCBuildConfiguration section */
		5BCD532629E7695A00CE0319 /* Debug */ = {
			isa = XCBuildConfiguration;
			buildSettings = {
				CODE_SIGN_INJECT_BASE_ENTITLEMENTS = NO;
				CODE_SIGN_STYLE = Automatic;
				DEVELOPMENT_TEAM = YL78V8PY6H;
				ENABLE_HARDENED_RUNTIME = YES;
				OTHER_CODE_SIGN_FLAGS = "$(inherited) -i $(PRODUCT_BUNDLE_IDENTIFIER)";
				PRODUCT_BUNDLE_IDENTIFIER = software.micropixels.BatFi.Helper;
				PRODUCT_NAME = "$(TARGET_NAME)";
				SKIP_INSTALL = YES;
				SWIFT_VERSION = 5.0;
			};
			name = Debug;
		};
		5BCD532729E7695A00CE0319 /* Release */ = {
			isa = XCBuildConfiguration;
			buildSettings = {
				CODE_SIGN_INJECT_BASE_ENTITLEMENTS = NO;
				CODE_SIGN_STYLE = Automatic;
				DEVELOPMENT_TEAM = YL78V8PY6H;
				ENABLE_HARDENED_RUNTIME = YES;
				OTHER_CODE_SIGN_FLAGS = "$(inherited) -i $(PRODUCT_BUNDLE_IDENTIFIER)";
				PRODUCT_BUNDLE_IDENTIFIER = software.micropixels.BatFi.Helper;
				PRODUCT_NAME = "$(TARGET_NAME)";
				SKIP_INSTALL = YES;
				SWIFT_VERSION = 5.0;
			};
			name = Release;
		};
		5BEE21AA29E607FC0012A4DD /* Debug */ = {
			isa = XCBuildConfiguration;
			buildSettings = {
				ALWAYS_SEARCH_USER_PATHS = NO;
				CLANG_ANALYZER_NONNULL = YES;
				CLANG_ANALYZER_NUMBER_OBJECT_CONVERSION = YES_AGGRESSIVE;
				CLANG_CXX_LANGUAGE_STANDARD = "gnu++20";
				CLANG_ENABLE_MODULES = YES;
				CLANG_ENABLE_OBJC_ARC = YES;
				CLANG_ENABLE_OBJC_WEAK = YES;
				CLANG_WARN_BLOCK_CAPTURE_AUTORELEASING = YES;
				CLANG_WARN_BOOL_CONVERSION = YES;
				CLANG_WARN_COMMA = YES;
				CLANG_WARN_CONSTANT_CONVERSION = YES;
				CLANG_WARN_DEPRECATED_OBJC_IMPLEMENTATIONS = YES;
				CLANG_WARN_DIRECT_OBJC_ISA_USAGE = YES_ERROR;
				CLANG_WARN_DOCUMENTATION_COMMENTS = YES;
				CLANG_WARN_EMPTY_BODY = YES;
				CLANG_WARN_ENUM_CONVERSION = YES;
				CLANG_WARN_INFINITE_RECURSION = YES;
				CLANG_WARN_INT_CONVERSION = YES;
				CLANG_WARN_NON_LITERAL_NULL_CONVERSION = YES;
				CLANG_WARN_OBJC_IMPLICIT_RETAIN_SELF = YES;
				CLANG_WARN_OBJC_LITERAL_CONVERSION = YES;
				CLANG_WARN_OBJC_ROOT_CLASS = YES_ERROR;
				CLANG_WARN_QUOTED_INCLUDE_IN_FRAMEWORK_HEADER = YES;
				CLANG_WARN_RANGE_LOOP_ANALYSIS = YES;
				CLANG_WARN_STRICT_PROTOTYPES = YES;
				CLANG_WARN_SUSPICIOUS_MOVE = YES;
				CLANG_WARN_UNGUARDED_AVAILABILITY = YES_AGGRESSIVE;
				CLANG_WARN_UNREACHABLE_CODE = YES;
				CLANG_WARN__DUPLICATE_METHOD_MATCH = YES;
				COPY_PHASE_STRIP = NO;
				DEBUG_INFORMATION_FORMAT = dwarf;
				ENABLE_STRICT_OBJC_MSGSEND = YES;
				ENABLE_TESTABILITY = YES;
				GCC_C_LANGUAGE_STANDARD = gnu11;
				GCC_DYNAMIC_NO_PIC = NO;
				GCC_NO_COMMON_BLOCKS = YES;
				GCC_OPTIMIZATION_LEVEL = 0;
				GCC_PREPROCESSOR_DEFINITIONS = (
					"DEBUG=1",
					"$(inherited)",
				);
				GCC_WARN_64_TO_32_BIT_CONVERSION = YES;
				GCC_WARN_ABOUT_RETURN_TYPE = YES_ERROR;
				GCC_WARN_UNDECLARED_SELECTOR = YES;
				GCC_WARN_UNINITIALIZED_AUTOS = YES_AGGRESSIVE;
				GCC_WARN_UNUSED_FUNCTION = YES;
				GCC_WARN_UNUSED_VARIABLE = YES;
				MACOSX_DEPLOYMENT_TARGET = 13.3;
				MTL_ENABLE_DEBUG_INFO = INCLUDE_SOURCE;
				MTL_FAST_MATH = YES;
				ONLY_ACTIVE_ARCH = YES;
				SDKROOT = macosx;
				SWIFT_ACTIVE_COMPILATION_CONDITIONS = DEBUG;
				SWIFT_OPTIMIZATION_LEVEL = "-Onone";
			};
			name = Debug;
		};
		5BEE21AB29E607FC0012A4DD /* Release */ = {
			isa = XCBuildConfiguration;
			buildSettings = {
				ALWAYS_SEARCH_USER_PATHS = NO;
				CLANG_ANALYZER_NONNULL = YES;
				CLANG_ANALYZER_NUMBER_OBJECT_CONVERSION = YES_AGGRESSIVE;
				CLANG_CXX_LANGUAGE_STANDARD = "gnu++20";
				CLANG_ENABLE_MODULES = YES;
				CLANG_ENABLE_OBJC_ARC = YES;
				CLANG_ENABLE_OBJC_WEAK = YES;
				CLANG_WARN_BLOCK_CAPTURE_AUTORELEASING = YES;
				CLANG_WARN_BOOL_CONVERSION = YES;
				CLANG_WARN_COMMA = YES;
				CLANG_WARN_CONSTANT_CONVERSION = YES;
				CLANG_WARN_DEPRECATED_OBJC_IMPLEMENTATIONS = YES;
				CLANG_WARN_DIRECT_OBJC_ISA_USAGE = YES_ERROR;
				CLANG_WARN_DOCUMENTATION_COMMENTS = YES;
				CLANG_WARN_EMPTY_BODY = YES;
				CLANG_WARN_ENUM_CONVERSION = YES;
				CLANG_WARN_INFINITE_RECURSION = YES;
				CLANG_WARN_INT_CONVERSION = YES;
				CLANG_WARN_NON_LITERAL_NULL_CONVERSION = YES;
				CLANG_WARN_OBJC_IMPLICIT_RETAIN_SELF = YES;
				CLANG_WARN_OBJC_LITERAL_CONVERSION = YES;
				CLANG_WARN_OBJC_ROOT_CLASS = YES_ERROR;
				CLANG_WARN_QUOTED_INCLUDE_IN_FRAMEWORK_HEADER = YES;
				CLANG_WARN_RANGE_LOOP_ANALYSIS = YES;
				CLANG_WARN_STRICT_PROTOTYPES = YES;
				CLANG_WARN_SUSPICIOUS_MOVE = YES;
				CLANG_WARN_UNGUARDED_AVAILABILITY = YES_AGGRESSIVE;
				CLANG_WARN_UNREACHABLE_CODE = YES;
				CLANG_WARN__DUPLICATE_METHOD_MATCH = YES;
				COPY_PHASE_STRIP = NO;
				DEBUG_INFORMATION_FORMAT = "dwarf-with-dsym";
				ENABLE_NS_ASSERTIONS = NO;
				ENABLE_STRICT_OBJC_MSGSEND = YES;
				GCC_C_LANGUAGE_STANDARD = gnu11;
				GCC_NO_COMMON_BLOCKS = YES;
				GCC_WARN_64_TO_32_BIT_CONVERSION = YES;
				GCC_WARN_ABOUT_RETURN_TYPE = YES_ERROR;
				GCC_WARN_UNDECLARED_SELECTOR = YES;
				GCC_WARN_UNINITIALIZED_AUTOS = YES_AGGRESSIVE;
				GCC_WARN_UNUSED_FUNCTION = YES;
				GCC_WARN_UNUSED_VARIABLE = YES;
				MACOSX_DEPLOYMENT_TARGET = 13.3;
				MTL_ENABLE_DEBUG_INFO = NO;
				MTL_FAST_MATH = YES;
				SDKROOT = macosx;
				SWIFT_COMPILATION_MODE = wholemodule;
				SWIFT_OPTIMIZATION_LEVEL = "-O";
			};
			name = Release;
		};
		5BEE21AD29E607FC0012A4DD /* Debug */ = {
			isa = XCBuildConfiguration;
			buildSettings = {
				ASSETCATALOG_COMPILER_APPICON_NAME = AppIcon;
				ASSETCATALOG_COMPILER_GLOBAL_ACCENT_COLOR_NAME = AccentColor;
				CODE_SIGN_STYLE = Automatic;
				COMBINE_HIDPI_IMAGES = YES;
				CURRENT_PROJECT_VERSION = 1;
				DEVELOPMENT_ASSET_PATHS = "\"BatFi/Preview Content\"";
				DEVELOPMENT_TEAM = YL78V8PY6H;
				ENABLE_HARDENED_RUNTIME = YES;
				ENABLE_PREVIEWS = YES;
				GENERATE_INFOPLIST_FILE = YES;
				INFOPLIST_KEY_LSApplicationCategoryType = "public.app-category.utilities";
				INFOPLIST_KEY_NSHumanReadableCopyright = "";
				LD_RUNPATH_SEARCH_PATHS = (
					"$(inherited)",
					"@executable_path/../Frameworks",
				);
				MARKETING_VERSION = 1.0;
				PRODUCT_BUNDLE_IDENTIFIER = software.micropixels.BatFi;
				PRODUCT_NAME = "$(TARGET_NAME)";
				SWIFT_EMIT_LOC_STRINGS = YES;
				SWIFT_VERSION = 5.0;
			};
			name = Debug;
		};
		5BEE21AE29E607FC0012A4DD /* Release */ = {
			isa = XCBuildConfiguration;
			buildSettings = {
				ASSETCATALOG_COMPILER_APPICON_NAME = AppIcon;
				ASSETCATALOG_COMPILER_GLOBAL_ACCENT_COLOR_NAME = AccentColor;
				CODE_SIGN_STYLE = Automatic;
				COMBINE_HIDPI_IMAGES = YES;
				CURRENT_PROJECT_VERSION = 1;
				DEVELOPMENT_ASSET_PATHS = "\"BatFi/Preview Content\"";
				DEVELOPMENT_TEAM = YL78V8PY6H;
				ENABLE_HARDENED_RUNTIME = YES;
				ENABLE_PREVIEWS = YES;
				GENERATE_INFOPLIST_FILE = YES;
				INFOPLIST_KEY_LSApplicationCategoryType = "public.app-category.utilities";
				INFOPLIST_KEY_NSHumanReadableCopyright = "";
				LD_RUNPATH_SEARCH_PATHS = (
					"$(inherited)",
					"@executable_path/../Frameworks",
				);
				MARKETING_VERSION = 1.0;
				PRODUCT_BUNDLE_IDENTIFIER = software.micropixels.BatFi;
				PRODUCT_NAME = "$(TARGET_NAME)";
				SWIFT_EMIT_LOC_STRINGS = YES;
				SWIFT_VERSION = 5.0;
			};
			name = Release;
		};
/* End XCBuildConfiguration section */

/* Begin XCConfigurationList section */
		5BCD532529E7695A00CE0319 /* Build configuration list for PBXNativeTarget "BatFi Helper" */ = {
			isa = XCConfigurationList;
			buildConfigurations = (
				5BCD532629E7695A00CE0319 /* Debug */,
				5BCD532729E7695A00CE0319 /* Release */,
			);
			defaultConfigurationIsVisible = 0;
			defaultConfigurationName = Release;
		};
		5BEE218229E607FB0012A4DD /* Build configuration list for PBXProject "BatFi" */ = {
			isa = XCConfigurationList;
			buildConfigurations = (
				5BEE21AA29E607FC0012A4DD /* Debug */,
				5BEE21AB29E607FC0012A4DD /* Release */,
			);
			defaultConfigurationIsVisible = 0;
			defaultConfigurationName = Release;
		};
		5BEE21AC29E607FC0012A4DD /* Build configuration list for PBXNativeTarget "BatFi" */ = {
			isa = XCConfigurationList;
			buildConfigurations = (
				5BEE21AD29E607FC0012A4DD /* Debug */,
				5BEE21AE29E607FC0012A4DD /* Release */,
			);
			defaultConfigurationIsVisible = 0;
			defaultConfigurationName = Release;
		};
/* End XCConfigurationList section */
	};
	rootObject = 5BEE217F29E607FB0012A4DD /* Project object */;
}
