{
  "pins" : [
    {
      "identity" : "aboutkit",
      "kind" : "remoteSourceControl",
      "location" : "https://github.com/rurza/AboutKit.git",
      "state" : {
        "branch" : "main",
        "revision" : "d75cccc4c97cfad466487ac8ccdd1d53d5ea6207"
      }
    },
    {
      "identity" : "combine-schedulers",
      "kind" : "remoteSourceControl",
      "location" : "https://github.com/pointfreeco/combine-schedulers",
      "state" : {
        "revision" : "9dc9cbe4bc45c65164fa653a563d8d8db61b09bb",
        "version" : "1.0.0"
      }
    },
    {
      "identity" : "confettiswiftui",
      "kind" : "remoteSourceControl",
      "location" : "https://github.com/simibac/ConfettiSwiftUI",
      "state" : {
        "revision" : "f45961f97bbae6fff6e2e64546fea0189425ad92",
        "version" : "1.1.0"
      }
    },
    {
      "identity" : "defaults",
      "kind" : "remoteSourceControl",
      "location" : "https://github.com/sindresorhus/Defaults",
      "state" : {
        "branch" : "main",
        "revision" : "3efef5a28ebdbbe922d4a2049493733ed14475a6"
      }
    },
    {
      "identity" : "embeddedpropertylist",
      "kind" : "remoteSourceControl",
      "location" : "https://github.com/trilemma-dev/EmbeddedPropertyList",
      "state" : {
        "revision" : "21bd832e28a9a66ecdb7b4c21910bb0487a22fe5",
        "version" : "2.0.2"
      }
    },
    {
      "identity" : "menubuilder",
      "kind" : "remoteSourceControl",
      "location" : "https://github.com/j-f1/MenuBuilder",
      "state" : {
        "revision" : "ba0202c5ff6d63f0fd7ec6b1da11a769eff15000",
        "version" : "3.0.0"
      }
    },
    {
      "identity" : "sentry-cocoa",
      "kind" : "remoteSourceControl",
      "location" : "https://github.com/getsentry/sentry-cocoa",
      "state" : {
        "revision" : "bf7bdd75e25556d0f97ad54fb804b4287863e106",
        "version" : "8.22.4"
      }
    },
    {
      "identity" : "settingskit",
      "kind" : "remoteSourceControl",
      "location" : "https://github.com/rurza/SettingsKit.git",
      "state" : {
        "branch" : "main",
        "revision" : "d22bb9d3ad257842a10e05d13900a092233fc2f5"
      }
    },
    {
      "identity" : "snapkit",
      "kind" : "remoteSourceControl",
      "location" : "https://github.com/SnapKit/SnapKit",
      "state" : {
        "branch" : "main",
        "revision" : "f222cbdf325885926566172f6f5f06af95473158"
      }
    },
    {
      "identity" : "sparkle",
      "kind" : "remoteSourceControl",
      "location" : "https://github.com/sparkle-project/Sparkle",
      "state" : {
        "revision" : "1f07f4096e52f19b5e7abaa697b7fc592b7ff57c",
        "version" : "2.5.1"
      }
    },
    {
      "identity" : "statusitemarrowkit",
      "kind" : "remoteSourceControl",
      "location" : "https://github.com/rurza/StatusItemArrowKit.git",
      "state" : {
        "branch" : "main",
        "revision" : "1b81294b10281c22d889f887f7106384e70e019c"
      }
    },
    {
      "identity" : "swift-async-algorithms",
      "kind" : "remoteSourceControl",
      "location" : "https://github.com/apple/swift-async-algorithms",
      "state" : {
        "revision" : "9cfed92b026c524674ed869a4ff2dcfdeedf8a2a",
        "version" : "0.1.0"
      }
    },
    {
      "identity" : "swift-clocks",
      "kind" : "remoteSourceControl",
      "location" : "https://github.com/pointfreeco/swift-clocks",
      "state" : {
        "revision" : "a8421d68068d8f45fbceb418fbf22c5dad4afd33",
        "version" : "1.0.2"
      }
    },
    {
      "identity" : "swift-collections",
      "kind" : "remoteSourceControl",
      "location" : "https://github.com/apple/swift-collections",
      "state" : {
        "revision" : "937e904258d22af6e447a0b72c0bc67583ef64a2",
        "version" : "1.0.4"
      }
    },
    {
      "identity" : "swift-concurrency-extras",
      "kind" : "remoteSourceControl",
      "location" : "https://github.com/pointfreeco/swift-concurrency-extras",
      "state" : {
        "revision" : "bb5059bde9022d69ac516803f4f227d8ac967f71",
        "version" : "1.1.0"
      }
    },
    {
      "identity" : "swift-dependencies",
      "kind" : "remoteSourceControl",
      "location" : "https://github.com/pointfreeco/swift-dependencies",
      "state" : {
        "revision" : "d3a5af3038a09add4d7682f66555d6212058a3c0",
        "version" : "1.2.2"
      }
    },
    {
      "identity" : "swift-identified-collections",
      "kind" : "remoteSourceControl",
      "location" : "https://github.com/pointfreeco/swift-identified-collections",
      "state" : {
        "revision" : "d1e45f3e1eee2c9193f5369fa9d70a6ddad635e8",
        "version" : "1.0.0"
      }
    },
    {
      "identity" : "swift-syntax",
      "kind" : "remoteSourceControl",
      "location" : "https://github.com/apple/swift-syntax",
      "state" : {
        "revision" : "fa8f95c2d536d6620cc2f504ebe8a6167c9fc2dd",
        "version" : "510.0.1"
      }
    },
    {
      "identity" : "swiftyxpc",
      "kind" : "remoteSourceControl",
      "location" : "https://github.com/CharlesJS/SwiftyXPC",
      "state" : {
        "revision" : "3968f30df6dad4e21b5cee9c5343fa9fac7cef30",
        "version" : "0.5.2"
      }
    },
    {
      "identity" : "xctest-dynamic-overlay",
      "kind" : "remoteSourceControl",
      "location" : "https://github.com/pointfreeco/xctest-dynamic-overlay",
      "state" : {
        "revision" : "b13b1d1a8e787a5ffc71ac19dcaf52183ab27ba2",
        "version" : "1.1.1"
      }
    }
  ],
  "version" : 2
}
