{
  "object": {
    "pins": [
      {
        "package": "CocoaLumberjack",
        "repositoryURL": "https://github.com/CocoaLumberjack/CocoaLumberjack.git",
        "state": {
          "branch": null,
          "revision": "0188d31089b5881a269e01777be74c7316924346",
          "version": "3.8.0"
        }
      },
      {
        "package": "Defaults",
        "repositoryURL": "https://github.com/sindresorhus/Defaults",
        "state": {
          "branch": "main",
          "revision": "488ff7dd719cf18a347dcab00078483f28ee52f8",
          "version": null
        }
      },
      {
        "package": "EmbeddedPropertyList",
        "repositoryURL": "https://github.com/trilemma-dev/EmbeddedPropertyList",
        "state": {
          "branch": null,
          "revision": "21bd832e28a9a66ecdb7b4c21910bb0487a22fe5",
          "version": "2.0.2"
        }
      },
      {
        "package": "MenuBuilder",
        "repositoryURL": "https://github.com/j-f1/MenuBuilder",
        "state": {
          "branch": "main",
          "revision": "ba0202c5ff6d63f0fd7ec6b1da11a769eff15000",
          "version": null
        }
      },
      {
        "package": "swift-log",
        "repositoryURL": "https://github.com/apple/swift-log.git",
        "state": {
          "branch": null,
          "revision": "32e8d724467f8fe623624570367e3d50c5638e46",
          "version": "1.5.2"
        }
      }
    ]
  },
  "version": 1
}
